// !$*UTF8*$!
{
	archiveVersion = 1;
	classes = {
	};
	objectVersion = 46;
	objects = {

/* Begin PBXBuildFile section */
		BB0ACE251E67101500C4CDE5 /* base_001.mp3 in Resources */ = {isa = PBXBuildFile; fileRef = BB0ACDE71E67101500C4CDE5 /* base_001.mp3 */; };
		BB0ACE261E67101500C4CDE5 /* base_002.mp3 in Resources */ = {isa = PBXBuildFile; fileRef = BB0ACDE81E67101500C4CDE5 /* base_002.mp3 */; };
		BB0ACE271E67101500C4CDE5 /* base_003.mp3 in Resources */ = {isa = PBXBuildFile; fileRef = BB0ACDE91E67101500C4CDE5 /* base_003.mp3 */; };
		BB0ACE281E67101500C4CDE5 /* base_004.mp3 in Resources */ = {isa = PBXBuildFile; fileRef = BB0ACDEA1E67101500C4CDE5 /* base_004.mp3 */; };
		BB0ACE291E67101500C4CDE5 /* base_005.mp3 in Resources */ = {isa = PBXBuildFile; fileRef = BB0ACDEB1E67101500C4CDE5 /* base_005.mp3 */; };
		BB0ACE2A1E67101500C4CDE5 /* base_006.mp3 in Resources */ = {isa = PBXBuildFile; fileRef = BB0ACDEC1E67101500C4CDE5 /* base_006.mp3 */; };
		BB0ACE2B1E67101500C4CDE5 /* base_007.mp3 in Resources */ = {isa = PBXBuildFile; fileRef = BB0ACDED1E67101500C4CDE5 /* base_007.mp3 */; };
		BB0ACE2C1E67101500C4CDE5 /* base_008.mp3 in Resources */ = {isa = PBXBuildFile; fileRef = BB0ACDEE1E67101500C4CDE5 /* base_008.mp3 */; };
		BB0ACE2D1E67101500C4CDE5 /* base_009.mp3 in Resources */ = {isa = PBXBuildFile; fileRef = BB0ACDEF1E67101500C4CDE5 /* base_009.mp3 */; };
		BB0ACE2E1E67101500C4CDE5 /* base_010.mp3 in Resources */ = {isa = PBXBuildFile; fileRef = BB0ACDF01E67101500C4CDE5 /* base_010.mp3 */; };
		BB0ACE2F1E67101500C4CDE5 /* base_011.mp3 in Resources */ = {isa = PBXBuildFile; fileRef = BB0ACDF11E67101500C4CDE5 /* base_011.mp3 */; };
		BB0ACE301E67101500C4CDE5 /* base_012.mp3 in Resources */ = {isa = PBXBuildFile; fileRef = BB0ACDF21E67101500C4CDE5 /* base_012.mp3 */; };
		BB0ACE311E67101500C4CDE5 /* base_013.mp3 in Resources */ = {isa = PBXBuildFile; fileRef = BB0ACDF31E67101500C4CDE5 /* base_013.mp3 */; };
		BB0ACE321E67101500C4CDE5 /* base_014.mp3 in Resources */ = {isa = PBXBuildFile; fileRef = BB0ACDF41E67101500C4CDE5 /* base_014.mp3 */; };
		BB0ACE331E67101500C4CDE5 /* base_015.mp3 in Resources */ = {isa = PBXBuildFile; fileRef = BB0ACDF51E67101500C4CDE5 /* base_015.mp3 */; };
		BB0ACE341E67101500C4CDE5 /* base_016.mp3 in Resources */ = {isa = PBXBuildFile; fileRef = BB0ACDF61E67101500C4CDE5 /* base_016.mp3 */; };
		BB0ACE351E67101500C4CDE5 /* base_017.mp3 in Resources */ = {isa = PBXBuildFile; fileRef = BB0ACDF71E67101500C4CDE5 /* base_017.mp3 */; };
		BB0ACE361E67101500C4CDE5 /* base_018.mp3 in Resources */ = {isa = PBXBuildFile; fileRef = BB0ACDF81E67101500C4CDE5 /* base_018.mp3 */; };
		BB0ACE371E67101500C4CDE5 /* base_019.mp3 in Resources */ = {isa = PBXBuildFile; fileRef = BB0ACDF91E67101500C4CDE5 /* base_019.mp3 */; };
		BB0ACE381E67101500C4CDE5 /* base_020.mp3 in Resources */ = {isa = PBXBuildFile; fileRef = BB0ACDFA1E67101500C4CDE5 /* base_020.mp3 */; };
		BB0ACE391E67101500C4CDE5 /* base_021.mp3 in Resources */ = {isa = PBXBuildFile; fileRef = BB0ACDFB1E67101500C4CDE5 /* base_021.mp3 */; };
		BB0ACE3A1E67101500C4CDE5 /* base_022.mp3 in Resources */ = {isa = PBXBuildFile; fileRef = BB0ACDFC1E67101500C4CDE5 /* base_022.mp3 */; };
		BB0ACE3B1E67101500C4CDE5 /* base_023.mp3 in Resources */ = {isa = PBXBuildFile; fileRef = BB0ACDFD1E67101500C4CDE5 /* base_023.mp3 */; };
		BB0ACE3C1E67101500C4CDE5 /* base_024.mp3 in Resources */ = {isa = PBXBuildFile; fileRef = BB0ACDFE1E67101500C4CDE5 /* base_024.mp3 */; };
		BB0ACE3D1E67101500C4CDE5 /* base_025.mp3 in Resources */ = {isa = PBXBuildFile; fileRef = BB0ACDFF1E67101500C4CDE5 /* base_025.mp3 */; };
		BB0ACE3E1E67101500C4CDE5 /* base_026.mp3 in Resources */ = {isa = PBXBuildFile; fileRef = BB0ACE001E67101500C4CDE5 /* base_026.mp3 */; };
		BB0ACE3F1E67101500C4CDE5 /* base_027.mp3 in Resources */ = {isa = PBXBuildFile; fileRef = BB0ACE011E67101500C4CDE5 /* base_027.mp3 */; };
		BB0ACE401E67101500C4CDE5 /* base_028.mp3 in Resources */ = {isa = PBXBuildFile; fileRef = BB0ACE021E67101500C4CDE5 /* base_028.mp3 */; };
		BB0ACE411E67101500C4CDE5 /* base_029.mp3 in Resources */ = {isa = PBXBuildFile; fileRef = BB0ACE031E67101500C4CDE5 /* base_029.mp3 */; };
		BB0ACE421E67101500C4CDE5 /* base_030.mp3 in Resources */ = {isa = PBXBuildFile; fileRef = BB0ACE041E67101500C4CDE5 /* base_030.mp3 */; };
		BB0ACE431E67101500C4CDE5 /* base_031.mp3 in Resources */ = {isa = PBXBuildFile; fileRef = BB0ACE051E67101500C4CDE5 /* base_031.mp3 */; };
		BB0ACE441E67101500C4CDE5 /* base_032.mp3 in Resources */ = {isa = PBXBuildFile; fileRef = BB0ACE061E67101500C4CDE5 /* base_032.mp3 */; };
		BB0ACE451E67101500C4CDE5 /* base_033.mp3 in Resources */ = {isa = PBXBuildFile; fileRef = BB0ACE071E67101500C4CDE5 /* base_033.mp3 */; };
		BB0ACE461E67101500C4CDE5 /* base_034.mp3 in Resources */ = {isa = PBXBuildFile; fileRef = BB0ACE081E67101500C4CDE5 /* base_034.mp3 */; };
		BB0ACE471E67101500C4CDE5 /* base_035.mp3 in Resources */ = {isa = PBXBuildFile; fileRef = BB0ACE091E67101500C4CDE5 /* base_035.mp3 */; };
		BB0ACE481E67101500C4CDE5 /* base_036.mp3 in Resources */ = {isa = PBXBuildFile; fileRef = BB0ACE0A1E67101500C4CDE5 /* base_036.mp3 */; };
		BB0ACE491E67101500C4CDE5 /* base_037.mp3 in Resources */ = {isa = PBXBuildFile; fileRef = BB0ACE0B1E67101500C4CDE5 /* base_037.mp3 */; };
		BB0ACE4A1E67101500C4CDE5 /* base_038.mp3 in Resources */ = {isa = PBXBuildFile; fileRef = BB0ACE0C1E67101500C4CDE5 /* base_038.mp3 */; };
		BB0ACE4B1E67101500C4CDE5 /* base_039.mp3 in Resources */ = {isa = PBXBuildFile; fileRef = BB0ACE0D1E67101500C4CDE5 /* base_039.mp3 */; };
		BB0ACE4C1E67101500C4CDE5 /* base_040.mp3 in Resources */ = {isa = PBXBuildFile; fileRef = BB0ACE0E1E67101500C4CDE5 /* base_040.mp3 */; };
		BB0ACE4D1E67101500C4CDE5 /* base_041.mp3 in Resources */ = {isa = PBXBuildFile; fileRef = BB0ACE0F1E67101500C4CDE5 /* base_041.mp3 */; };
		BB0ACE4E1E67101500C4CDE5 /* base_042.mp3 in Resources */ = {isa = PBXBuildFile; fileRef = BB0ACE101E67101500C4CDE5 /* base_042.mp3 */; };
		BB0ACE4F1E67101500C4CDE5 /* base_043.mp3 in Resources */ = {isa = PBXBuildFile; fileRef = BB0ACE111E67101500C4CDE5 /* base_043.mp3 */; };
		BB0ACE501E67101500C4CDE5 /* base_044.mp3 in Resources */ = {isa = PBXBuildFile; fileRef = BB0ACE121E67101500C4CDE5 /* base_044.mp3 */; };
		BB0ACE511E67101500C4CDE5 /* base_045.mp3 in Resources */ = {isa = PBXBuildFile; fileRef = BB0ACE131E67101500C4CDE5 /* base_045.mp3 */; };
		BB0ACE521E67101500C4CDE5 /* base_046.mp3 in Resources */ = {isa = PBXBuildFile; fileRef = BB0ACE141E67101500C4CDE5 /* base_046.mp3 */; };
		BB0ACE531E67101500C4CDE5 /* base_047.mp3 in Resources */ = {isa = PBXBuildFile; fileRef = BB0ACE151E67101500C4CDE5 /* base_047.mp3 */; };
		BB0ACE541E67101500C4CDE5 /* base_048.mp3 in Resources */ = {isa = PBXBuildFile; fileRef = BB0ACE161E67101500C4CDE5 /* base_048.mp3 */; };
		BB0ACE551E67101500C4CDE5 /* base_049.mp3 in Resources */ = {isa = PBXBuildFile; fileRef = BB0ACE171E67101500C4CDE5 /* base_049.mp3 */; };
		BB0ACE561E67101500C4CDE5 /* base_050.mp3 in Resources */ = {isa = PBXBuildFile; fileRef = BB0ACE181E67101500C4CDE5 /* base_050.mp3 */; };
		BB0ACE571E67101500C4CDE5 /* base_051.mp3 in Resources */ = {isa = PBXBuildFile; fileRef = BB0ACE191E67101500C4CDE5 /* base_051.mp3 */; };
		BB0ACE581E67101500C4CDE5 /* base_052.mp3 in Resources */ = {isa = PBXBuildFile; fileRef = BB0ACE1A1E67101500C4CDE5 /* base_052.mp3 */; };
		BB0ACE591E67101500C4CDE5 /* base_053.mp3 in Resources */ = {isa = PBXBuildFile; fileRef = BB0ACE1B1E67101500C4CDE5 /* base_053.mp3 */; };
		BB0ACE5A1E67101500C4CDE5 /* base_054.mp3 in Resources */ = {isa = PBXBuildFile; fileRef = BB0ACE1C1E67101500C4CDE5 /* base_054.mp3 */; };
		BB0ACE5B1E67101500C4CDE5 /* base_055.mp3 in Resources */ = {isa = PBXBuildFile; fileRef = BB0ACE1D1E67101500C4CDE5 /* base_055.mp3 */; };
		BB0ACE5C1E67101500C4CDE5 /* base_056.mp3 in Resources */ = {isa = PBXBuildFile; fileRef = BB0ACE1E1E67101500C4CDE5 /* base_056.mp3 */; };
		BB0ACE5D1E67101500C4CDE5 /* base_057.mp3 in Resources */ = {isa = PBXBuildFile; fileRef = BB0ACE1F1E67101500C4CDE5 /* base_057.mp3 */; };
		BB0ACE5E1E67101500C4CDE5 /* base_058.mp3 in Resources */ = {isa = PBXBuildFile; fileRef = BB0ACE201E67101500C4CDE5 /* base_058.mp3 */; };
		BB0ACE5F1E67101500C4CDE5 /* base_059.mp3 in Resources */ = {isa = PBXBuildFile; fileRef = BB0ACE211E67101500C4CDE5 /* base_059.mp3 */; };
		BB0ACE601E67101500C4CDE5 /* base_060.mp3 in Resources */ = {isa = PBXBuildFile; fileRef = BB0ACE221E67101500C4CDE5 /* base_060.mp3 */; };
		BB0ACE611E67101500C4CDE5 /* base_061.mp3 in Resources */ = {isa = PBXBuildFile; fileRef = BB0ACE231E67101500C4CDE5 /* base_061.mp3 */; };
		BB0ACE621E67101500C4CDE5 /* base_062.mp3 in Resources */ = {isa = PBXBuildFile; fileRef = BB0ACE241E67101500C4CDE5 /* base_062.mp3 */; };
		BB0ACE651E67113A00C4CDE5 /* FTMAudioSourceManager.m in Sources */ = {isa = PBXBuildFile; fileRef = BB0ACE641E67113A00C4CDE5 /* FTMAudioSourceManager.m */; };
		BB0ACE671E672BB900C4CDE5 /* coco180.png in Resources */ = {isa = PBXBuildFile; fileRef = BB0ACE661E672BB900C4CDE5 /* coco180.png */; };
		BB168CA41E4B4B5E00C48CCC /* FTMUserDefault.m in Sources */ = {isa = PBXBuildFile; fileRef = BB168CA31E4B4B5E00C48CCC /* FTMUserDefault.m */; };
		BB168CA81E4B4E5200C48CCC /* FTMWelcomeViewController.m in Sources */ = {isa = PBXBuildFile; fileRef = BB168CA71E4B4E5200C48CCC /* FTMWelcomeViewController.m */; };
		BB168CB11E4B506400C48CCC /* FTMMailLoginVC.m in Sources */ = {isa = PBXBuildFile; fileRef = BB168CB01E4B506400C48CCC /* FTMMailLoginVC.m */; };
		BB168CB41E4B508100C48CCC /* FTMThirdLoginVC.m in Sources */ = {isa = PBXBuildFile; fileRef = BB168CB31E4B508100C48CCC /* FTMThirdLoginVC.m */; };
		BB168CB81E4B513300C48CCC /* toastView.m in Sources */ = {isa = PBXBuildFile; fileRef = BB168CB71E4B513300C48CCC /* toastView.m */; };
		BB6A20D71E48B19800CC810C /* message_tab_focus.png in Resources */ = {isa = PBXBuildFile; fileRef = BB6A20D51E48B19800CC810C /* message_tab_focus.png */; };
		BB6A20D81E48B19800CC810C /* message_tab.png in Resources */ = {isa = PBXBuildFile; fileRef = BB6A20D61E48B19800CC810C /* message_tab.png */; };
		BB6A20DB1E48B57600CC810C /* friend_tab_focus.png in Resources */ = {isa = PBXBuildFile; fileRef = BB6A20D91E48B57600CC810C /* friend_tab_focus.png */; };
		BB6A20DC1E48B57600CC810C /* friend_tab.png in Resources */ = {isa = PBXBuildFile; fileRef = BB6A20DA1E48B57600CC810C /* friend_tab.png */; };
		BB75A7C61E6C11D400241B44 /* FTMSuggestFriendsVC.m in Sources */ = {isa = PBXBuildFile; fileRef = BB75A7C51E6C11D400241B44 /* FTMSuggestFriendsVC.m */; };
		BB7A0D431E573C9500892AAB /* more.png in Resources */ = {isa = PBXBuildFile; fileRef = BB7A0D421E573C9400892AAB /* more.png */; };
		BB7A0D451E57DE4900892AAB /* from_icon.png in Resources */ = {isa = PBXBuildFile; fileRef = BB7A0D441E57DE4900892AAB /* from_icon.png */; };
		BB7A0D471E57DE5800892AAB /* to_icon.png in Resources */ = {isa = PBXBuildFile; fileRef = BB7A0D461E57DE5800892AAB /* to_icon.png */; };
		BB7A0D4B1E5808B800892AAB /* AudioToolbox.framework in Frameworks */ = {isa = PBXBuildFile; fileRef = BB7A0D4A1E5808B800892AAB /* AudioToolbox.framework */; };
		BB7A0D4D1E580B5800892AAB /* sleep_tom.wav in Resources */ = {isa = PBXBuildFile; fileRef = BB7A0D4C1E580B5800892AAB /* sleep_tom.wav */; };
		BB8755B41E5206FC008B296D /* FTMNicknameVC.m in Sources */ = {isa = PBXBuildFile; fileRef = BB8755B31E5206FC008B296D /* FTMNicknameVC.m */; };
		BB9EB4781E3F2A5800911C8F /* main.m in Sources */ = {isa = PBXBuildFile; fileRef = BB9EB4771E3F2A5800911C8F /* main.m */; };
		BB9EB47B1E3F2A5800911C8F /* AppDelegate.m in Sources */ = {isa = PBXBuildFile; fileRef = BB9EB47A1E3F2A5800911C8F /* AppDelegate.m */; };
		BB9EB4891E3F2A5800911C8F /* Assets.xcassets in Resources */ = {isa = PBXBuildFile; fileRef = BB9EB4881E3F2A5800911C8F /* Assets.xcassets */; };
		BB9EB4971E3F2A5800911C8F /* forestmanTests.m in Sources */ = {isa = PBXBuildFile; fileRef = BB9EB4961E3F2A5800911C8F /* forestmanTests.m */; };
		BB9EB4A21E3F2A5800911C8F /* forestmanUITests.m in Sources */ = {isa = PBXBuildFile; fileRef = BB9EB4A11E3F2A5800911C8F /* forestmanUITests.m */; };
		BB9EB4B21E3F2C7200911C8F /* FTMRootViewController.m in Sources */ = {isa = PBXBuildFile; fileRef = BB9EB4B11E3F2C7200911C8F /* FTMRootViewController.m */; };
		BB9EB4B71E3F2DB100911C8F /* FTMTabBarViewController.m in Sources */ = {isa = PBXBuildFile; fileRef = BB9EB4B61E3F2DB100911C8F /* FTMTabBarViewController.m */; };
		BB9EB4BA1E3F2E5900911C8F /* FTMFriendsViewController.m in Sources */ = {isa = PBXBuildFile; fileRef = BB9EB4B91E3F2E5900911C8F /* FTMFriendsViewController.m */; };
		BB9EB4BD1E3F2E7800911C8F /* FTMMessageViewController.m in Sources */ = {isa = PBXBuildFile; fileRef = BB9EB4BC1E3F2E7800911C8F /* FTMMessageViewController.m */; };
		BB9EB4C01E3F2EA400911C8F /* FTMMineViewController.m in Sources */ = {isa = PBXBuildFile; fileRef = BB9EB4BF1E3F2EA400911C8F /* FTMMineViewController.m */; };
		BB9EB4C41E3F319200911C8F /* colorManager.m in Sources */ = {isa = PBXBuildFile; fileRef = BB9EB4C31E3F319200911C8F /* colorManager.m */; };
		BB9EB4C81E3F337700911C8F /* home_tab_focus.png in Resources */ = {isa = PBXBuildFile; fileRef = BB9EB4C61E3F337700911C8F /* home_tab_focus.png */; };
		BB9EB4C91E3F337700911C8F /* home_tab.png in Resources */ = {isa = PBXBuildFile; fileRef = BB9EB4C71E3F337700911C8F /* home_tab.png */; };
		BB9EB4CC1E3F338600911C8F /* discovery_tab_focus.png in Resources */ = {isa = PBXBuildFile; fileRef = BB9EB4CA1E3F338600911C8F /* discovery_tab_focus.png */; };
		BB9EB4CD1E3F338600911C8F /* discovery_tab.png in Resources */ = {isa = PBXBuildFile; fileRef = BB9EB4CB1E3F338600911C8F /* discovery_tab.png */; };
		BB9EB4D01E3F339400911C8F /* mine_tab_focus.png in Resources */ = {isa = PBXBuildFile; fileRef = BB9EB4CE1E3F339400911C8F /* mine_tab_focus.png */; };
		BB9EB4D11E3F339400911C8F /* mine_tab.png in Resources */ = {isa = PBXBuildFile; fileRef = BB9EB4CF1E3F339400911C8F /* mine_tab.png */; };
		BB9EB4D61E3F3A4300911C8F /* FTMFriendsCell.m in Sources */ = {isa = PBXBuildFile; fileRef = BB9EB4D51E3F3A4300911C8F /* FTMFriendsCell.m */; };
		BB9EB4D91E3F44D300911C8F /* FTMMessageCell.m in Sources */ = {isa = PBXBuildFile; fileRef = BB9EB4D81E3F44D300911C8F /* FTMMessageCell.m */; };
		BB9EB4DD1E3F5F5C00911C8F /* FTMPersonViewController.m in Sources */ = {isa = PBXBuildFile; fileRef = BB9EB4DC1E3F5F5C00911C8F /* FTMPersonViewController.m */; };
		BB9EB4DF1E3F617500911C8F /* back_black.png in Resources */ = {isa = PBXBuildFile; fileRef = BB9EB4DE1E3F617500911C8F /* back_black.png */; };
		BB9EB4E21E3F812C00911C8F /* FTMExtraMessageViewController.m in Sources */ = {isa = PBXBuildFile; fileRef = BB9EB4E11E3F812C00911C8F /* FTMExtraMessageViewController.m */; };
		BB9EB4E61E400A6200911C8F /* urlManager.m in Sources */ = {isa = PBXBuildFile; fileRef = BB9EB4E51E400A6200911C8F /* urlManager.m */; };
		BB9EB4EA1E400F4F00911C8F /* FTMSearchViewController.m in Sources */ = {isa = PBXBuildFile; fileRef = BB9EB4E91E400F4F00911C8F /* FTMSearchViewController.m */; };
		BB9EB4ED1E40A2D100911C8F /* FTMAddFriendViewController.m in Sources */ = {isa = PBXBuildFile; fileRef = BB9EB4EC1E40A2D100911C8F /* FTMAddFriendViewController.m */; };
		BB9EB4F11E421D5400911C8F /* FTMMyOwnScrollView.m in Sources */ = {isa = PBXBuildFile; fileRef = BB9EB4F01E421D5400911C8F /* FTMMyOwnScrollView.m */; };
		BB9EB4F31E422FE800911C8F /* close.png in Resources */ = {isa = PBXBuildFile; fileRef = BB9EB4F21E422FE800911C8F /* close.png */; };
		BB9EB4F71E42C2F000911C8F /* direct.png in Resources */ = {isa = PBXBuildFile; fileRef = BB9EB4F61E42C2F000911C8F /* direct.png */; };
		BBAF10441E5B37D100E22677 /* red_dot.png in Resources */ = {isa = PBXBuildFile; fileRef = BBAF10431E5B37D100E22677 /* red_dot.png */; };
		BBAF10481E5DEF6A00E22677 /* FTMShareManager.m in Sources */ = {isa = PBXBuildFile; fileRef = BBAF10471E5DEF6A00E22677 /* FTMShareManager.m */; };
		BBB809CC1E61CDAD00074C1B /* coco_logo.png in Resources */ = {isa = PBXBuildFile; fileRef = BBB809CB1E61CDAD00074C1B /* coco_logo.png */; };
		BBB809CE1E627FFA00074C1B /* XY_xdf.mp3 in Resources */ = {isa = PBXBuildFile; fileRef = BBB809CD1E627FFA00074C1B /* XY_xdf.mp3 */; };
		BBB809D21E63104200074C1B /* FTMAudioPlayManager.m in Sources */ = {isa = PBXBuildFile; fileRef = BBB809D11E63104200074C1B /* FTMAudioPlayManager.m */; };
		BBDB1C8E1E58821B00BCE96B /* FTMDeviceTokenManager.m in Sources */ = {isa = PBXBuildFile; fileRef = BBDB1C8D1E58821B00BCE96B /* FTMDeviceTokenManager.m */; };
		CB7F0A924289214285C81147 /* libPods-forestman.a in Frameworks */ = {isa = PBXBuildFile; fileRef = C1BFDA92F0485A65A167786A /* libPods-forestman.a */; };
/* End PBXBuildFile section */

/* Begin PBXContainerItemProxy section */
		BB9EB4931E3F2A5800911C8F /* PBXContainerItemProxy */ = {
			isa = PBXContainerItemProxy;
			containerPortal = BB9EB46B1E3F2A5800911C8F /* Project object */;
			proxyType = 1;
			remoteGlobalIDString = BB9EB4721E3F2A5800911C8F;
			remoteInfo = forestman;
		};
		BB9EB49E1E3F2A5800911C8F /* PBXContainerItemProxy */ = {
			isa = PBXContainerItemProxy;
			containerPortal = BB9EB46B1E3F2A5800911C8F /* Project object */;
			proxyType = 1;
			remoteGlobalIDString = BB9EB4721E3F2A5800911C8F;
			remoteInfo = forestman;
		};
/* End PBXContainerItemProxy section */

/* Begin PBXFileReference section */
		BB0ACDE71E67101500C4CDE5 /* base_001.mp3 */ = {isa = PBXFileReference; lastKnownFileType = audio.mp3; name = base_001.mp3; path = "../../../mp3音频/base_001.mp3"; sourceTree = "<group>"; };
		BB0ACDE81E67101500C4CDE5 /* base_002.mp3 */ = {isa = PBXFileReference; lastKnownFileType = audio.mp3; name = base_002.mp3; path = "../../../mp3音频/base_002.mp3"; sourceTree = "<group>"; };
		BB0ACDE91E67101500C4CDE5 /* base_003.mp3 */ = {isa = PBXFileReference; lastKnownFileType = audio.mp3; name = base_003.mp3; path = "../../../mp3音频/base_003.mp3"; sourceTree = "<group>"; };
		BB0ACDEA1E67101500C4CDE5 /* base_004.mp3 */ = {isa = PBXFileReference; lastKnownFileType = audio.mp3; name = base_004.mp3; path = "../../../mp3音频/base_004.mp3"; sourceTree = "<group>"; };
		BB0ACDEB1E67101500C4CDE5 /* base_005.mp3 */ = {isa = PBXFileReference; lastKnownFileType = audio.mp3; name = base_005.mp3; path = "../../../mp3音频/base_005.mp3"; sourceTree = "<group>"; };
		BB0ACDEC1E67101500C4CDE5 /* base_006.mp3 */ = {isa = PBXFileReference; lastKnownFileType = audio.mp3; name = base_006.mp3; path = "../../../mp3音频/base_006.mp3"; sourceTree = "<group>"; };
		BB0ACDED1E67101500C4CDE5 /* base_007.mp3 */ = {isa = PBXFileReference; lastKnownFileType = audio.mp3; name = base_007.mp3; path = "../../../mp3音频/base_007.mp3"; sourceTree = "<group>"; };
		BB0ACDEE1E67101500C4CDE5 /* base_008.mp3 */ = {isa = PBXFileReference; lastKnownFileType = audio.mp3; name = base_008.mp3; path = "../../../mp3音频/base_008.mp3"; sourceTree = "<group>"; };
		BB0ACDEF1E67101500C4CDE5 /* base_009.mp3 */ = {isa = PBXFileReference; lastKnownFileType = audio.mp3; name = base_009.mp3; path = "../../../mp3音频/base_009.mp3"; sourceTree = "<group>"; };
		BB0ACDF01E67101500C4CDE5 /* base_010.mp3 */ = {isa = PBXFileReference; lastKnownFileType = audio.mp3; name = base_010.mp3; path = "../../../mp3音频/base_010.mp3"; sourceTree = "<group>"; };
		BB0ACDF11E67101500C4CDE5 /* base_011.mp3 */ = {isa = PBXFileReference; lastKnownFileType = audio.mp3; name = base_011.mp3; path = "../../../mp3音频/base_011.mp3"; sourceTree = "<group>"; };
		BB0ACDF21E67101500C4CDE5 /* base_012.mp3 */ = {isa = PBXFileReference; lastKnownFileType = audio.mp3; name = base_012.mp3; path = "../../../mp3音频/base_012.mp3"; sourceTree = "<group>"; };
		BB0ACDF31E67101500C4CDE5 /* base_013.mp3 */ = {isa = PBXFileReference; lastKnownFileType = audio.mp3; name = base_013.mp3; path = "../../../mp3音频/base_013.mp3"; sourceTree = "<group>"; };
		BB0ACDF41E67101500C4CDE5 /* base_014.mp3 */ = {isa = PBXFileReference; lastKnownFileType = audio.mp3; name = base_014.mp3; path = "../../../mp3音频/base_014.mp3"; sourceTree = "<group>"; };
		BB0ACDF51E67101500C4CDE5 /* base_015.mp3 */ = {isa = PBXFileReference; lastKnownFileType = audio.mp3; name = base_015.mp3; path = "../../../mp3音频/base_015.mp3"; sourceTree = "<group>"; };
		BB0ACDF61E67101500C4CDE5 /* base_016.mp3 */ = {isa = PBXFileReference; lastKnownFileType = audio.mp3; name = base_016.mp3; path = "../../../mp3音频/base_016.mp3"; sourceTree = "<group>"; };
		BB0ACDF71E67101500C4CDE5 /* base_017.mp3 */ = {isa = PBXFileReference; lastKnownFileType = audio.mp3; name = base_017.mp3; path = "../../../mp3音频/base_017.mp3"; sourceTree = "<group>"; };
		BB0ACDF81E67101500C4CDE5 /* base_018.mp3 */ = {isa = PBXFileReference; lastKnownFileType = audio.mp3; name = base_018.mp3; path = "../../../mp3音频/base_018.mp3"; sourceTree = "<group>"; };
		BB0ACDF91E67101500C4CDE5 /* base_019.mp3 */ = {isa = PBXFileReference; lastKnownFileType = audio.mp3; name = base_019.mp3; path = "../../../mp3音频/base_019.mp3"; sourceTree = "<group>"; };
		BB0ACDFA1E67101500C4CDE5 /* base_020.mp3 */ = {isa = PBXFileReference; lastKnownFileType = audio.mp3; name = base_020.mp3; path = "../../../mp3音频/base_020.mp3"; sourceTree = "<group>"; };
		BB0ACDFB1E67101500C4CDE5 /* base_021.mp3 */ = {isa = PBXFileReference; lastKnownFileType = audio.mp3; name = base_021.mp3; path = "../../../mp3音频/base_021.mp3"; sourceTree = "<group>"; };
		BB0ACDFC1E67101500C4CDE5 /* base_022.mp3 */ = {isa = PBXFileReference; lastKnownFileType = audio.mp3; name = base_022.mp3; path = "../../../mp3音频/base_022.mp3"; sourceTree = "<group>"; };
		BB0ACDFD1E67101500C4CDE5 /* base_023.mp3 */ = {isa = PBXFileReference; lastKnownFileType = audio.mp3; name = base_023.mp3; path = "../../../mp3音频/base_023.mp3"; sourceTree = "<group>"; };
		BB0ACDFE1E67101500C4CDE5 /* base_024.mp3 */ = {isa = PBXFileReference; lastKnownFileType = audio.mp3; name = base_024.mp3; path = "../../../mp3音频/base_024.mp3"; sourceTree = "<group>"; };
		BB0ACDFF1E67101500C4CDE5 /* base_025.mp3 */ = {isa = PBXFileReference; lastKnownFileType = audio.mp3; name = base_025.mp3; path = "../../../mp3音频/base_025.mp3"; sourceTree = "<group>"; };
		BB0ACE001E67101500C4CDE5 /* base_026.mp3 */ = {isa = PBXFileReference; lastKnownFileType = audio.mp3; name = base_026.mp3; path = "../../../mp3音频/base_026.mp3"; sourceTree = "<group>"; };
		BB0ACE011E67101500C4CDE5 /* base_027.mp3 */ = {isa = PBXFileReference; lastKnownFileType = audio.mp3; name = base_027.mp3; path = "../../../mp3音频/base_027.mp3"; sourceTree = "<group>"; };
		BB0ACE021E67101500C4CDE5 /* base_028.mp3 */ = {isa = PBXFileReference; lastKnownFileType = audio.mp3; name = base_028.mp3; path = "../../../mp3音频/base_028.mp3"; sourceTree = "<group>"; };
		BB0ACE031E67101500C4CDE5 /* base_029.mp3 */ = {isa = PBXFileReference; lastKnownFileType = audio.mp3; name = base_029.mp3; path = "../../../mp3音频/base_029.mp3"; sourceTree = "<group>"; };
		BB0ACE041E67101500C4CDE5 /* base_030.mp3 */ = {isa = PBXFileReference; lastKnownFileType = audio.mp3; name = base_030.mp3; path = "../../../mp3音频/base_030.mp3"; sourceTree = "<group>"; };
		BB0ACE051E67101500C4CDE5 /* base_031.mp3 */ = {isa = PBXFileReference; lastKnownFileType = audio.mp3; name = base_031.mp3; path = "../../../mp3音频/base_031.mp3"; sourceTree = "<group>"; };
		BB0ACE061E67101500C4CDE5 /* base_032.mp3 */ = {isa = PBXFileReference; lastKnownFileType = audio.mp3; name = base_032.mp3; path = "../../../mp3音频/base_032.mp3"; sourceTree = "<group>"; };
		BB0ACE071E67101500C4CDE5 /* base_033.mp3 */ = {isa = PBXFileReference; lastKnownFileType = audio.mp3; name = base_033.mp3; path = "../../../mp3音频/base_033.mp3"; sourceTree = "<group>"; };
		BB0ACE081E67101500C4CDE5 /* base_034.mp3 */ = {isa = PBXFileReference; lastKnownFileType = audio.mp3; name = base_034.mp3; path = "../../../mp3音频/base_034.mp3"; sourceTree = "<group>"; };
		BB0ACE091E67101500C4CDE5 /* base_035.mp3 */ = {isa = PBXFileReference; lastKnownFileType = audio.mp3; name = base_035.mp3; path = "../../../mp3音频/base_035.mp3"; sourceTree = "<group>"; };
		BB0ACE0A1E67101500C4CDE5 /* base_036.mp3 */ = {isa = PBXFileReference; lastKnownFileType = audio.mp3; name = base_036.mp3; path = "../../../mp3音频/base_036.mp3"; sourceTree = "<group>"; };
		BB0ACE0B1E67101500C4CDE5 /* base_037.mp3 */ = {isa = PBXFileReference; lastKnownFileType = audio.mp3; name = base_037.mp3; path = "../../../mp3音频/base_037.mp3"; sourceTree = "<group>"; };
		BB0ACE0C1E67101500C4CDE5 /* base_038.mp3 */ = {isa = PBXFileReference; lastKnownFileType = audio.mp3; name = base_038.mp3; path = "../../../mp3音频/base_038.mp3"; sourceTree = "<group>"; };
		BB0ACE0D1E67101500C4CDE5 /* base_039.mp3 */ = {isa = PBXFileReference; lastKnownFileType = audio.mp3; name = base_039.mp3; path = "../../../mp3音频/base_039.mp3"; sourceTree = "<group>"; };
		BB0ACE0E1E67101500C4CDE5 /* base_040.mp3 */ = {isa = PBXFileReference; lastKnownFileType = audio.mp3; name = base_040.mp3; path = "../../../mp3音频/base_040.mp3"; sourceTree = "<group>"; };
		BB0ACE0F1E67101500C4CDE5 /* base_041.mp3 */ = {isa = PBXFileReference; lastKnownFileType = audio.mp3; name = base_041.mp3; path = "../../../mp3音频/base_041.mp3"; sourceTree = "<group>"; };
		BB0ACE101E67101500C4CDE5 /* base_042.mp3 */ = {isa = PBXFileReference; lastKnownFileType = audio.mp3; name = base_042.mp3; path = "../../../mp3音频/base_042.mp3"; sourceTree = "<group>"; };
		BB0ACE111E67101500C4CDE5 /* base_043.mp3 */ = {isa = PBXFileReference; lastKnownFileType = audio.mp3; name = base_043.mp3; path = "../../../mp3音频/base_043.mp3"; sourceTree = "<group>"; };
		BB0ACE121E67101500C4CDE5 /* base_044.mp3 */ = {isa = PBXFileReference; lastKnownFileType = audio.mp3; name = base_044.mp3; path = "../../../mp3音频/base_044.mp3"; sourceTree = "<group>"; };
		BB0ACE131E67101500C4CDE5 /* base_045.mp3 */ = {isa = PBXFileReference; lastKnownFileType = audio.mp3; name = base_045.mp3; path = "../../../mp3音频/base_045.mp3"; sourceTree = "<group>"; };
		BB0ACE141E67101500C4CDE5 /* base_046.mp3 */ = {isa = PBXFileReference; lastKnownFileType = audio.mp3; name = base_046.mp3; path = "../../../mp3音频/base_046.mp3"; sourceTree = "<group>"; };
		BB0ACE151E67101500C4CDE5 /* base_047.mp3 */ = {isa = PBXFileReference; lastKnownFileType = audio.mp3; name = base_047.mp3; path = "../../../mp3音频/base_047.mp3"; sourceTree = "<group>"; };
		BB0ACE161E67101500C4CDE5 /* base_048.mp3 */ = {isa = PBXFileReference; lastKnownFileType = audio.mp3; name = base_048.mp3; path = "../../../mp3音频/base_048.mp3"; sourceTree = "<group>"; };
		BB0ACE171E67101500C4CDE5 /* base_049.mp3 */ = {isa = PBXFileReference; lastKnownFileType = audio.mp3; name = base_049.mp3; path = "../../../mp3音频/base_049.mp3"; sourceTree = "<group>"; };
		BB0ACE181E67101500C4CDE5 /* base_050.mp3 */ = {isa = PBXFileReference; lastKnownFileType = audio.mp3; name = base_050.mp3; path = "../../../mp3音频/base_050.mp3"; sourceTree = "<group>"; };
		BB0ACE191E67101500C4CDE5 /* base_051.mp3 */ = {isa = PBXFileReference; lastKnownFileType = audio.mp3; name = base_051.mp3; path = "../../../mp3音频/base_051.mp3"; sourceTree = "<group>"; };
		BB0ACE1A1E67101500C4CDE5 /* base_052.mp3 */ = {isa = PBXFileReference; lastKnownFileType = audio.mp3; name = base_052.mp3; path = "../../../mp3音频/base_052.mp3"; sourceTree = "<group>"; };
		BB0ACE1B1E67101500C4CDE5 /* base_053.mp3 */ = {isa = PBXFileReference; lastKnownFileType = audio.mp3; name = base_053.mp3; path = "../../../mp3音频/base_053.mp3"; sourceTree = "<group>"; };
		BB0ACE1C1E67101500C4CDE5 /* base_054.mp3 */ = {isa = PBXFileReference; lastKnownFileType = audio.mp3; name = base_054.mp3; path = "../../../mp3音频/base_054.mp3"; sourceTree = "<group>"; };
		BB0ACE1D1E67101500C4CDE5 /* base_055.mp3 */ = {isa = PBXFileReference; lastKnownFileType = audio.mp3; name = base_055.mp3; path = "../../../mp3音频/base_055.mp3"; sourceTree = "<group>"; };
		BB0ACE1E1E67101500C4CDE5 /* base_056.mp3 */ = {isa = PBXFileReference; lastKnownFileType = audio.mp3; name = base_056.mp3; path = "../../../mp3音频/base_056.mp3"; sourceTree = "<group>"; };
		BB0ACE1F1E67101500C4CDE5 /* base_057.mp3 */ = {isa = PBXFileReference; lastKnownFileType = audio.mp3; name = base_057.mp3; path = "../../../mp3音频/base_057.mp3"; sourceTree = "<group>"; };
		BB0ACE201E67101500C4CDE5 /* base_058.mp3 */ = {isa = PBXFileReference; lastKnownFileType = audio.mp3; name = base_058.mp3; path = "../../../mp3音频/base_058.mp3"; sourceTree = "<group>"; };
		BB0ACE211E67101500C4CDE5 /* base_059.mp3 */ = {isa = PBXFileReference; lastKnownFileType = audio.mp3; name = base_059.mp3; path = "../../../mp3音频/base_059.mp3"; sourceTree = "<group>"; };
		BB0ACE221E67101500C4CDE5 /* base_060.mp3 */ = {isa = PBXFileReference; lastKnownFileType = audio.mp3; name = base_060.mp3; path = "../../../mp3音频/base_060.mp3"; sourceTree = "<group>"; };
		BB0ACE231E67101500C4CDE5 /* base_061.mp3 */ = {isa = PBXFileReference; lastKnownFileType = audio.mp3; name = base_061.mp3; path = "../../../mp3音频/base_061.mp3"; sourceTree = "<group>"; };
		BB0ACE241E67101500C4CDE5 /* base_062.mp3 */ = {isa = PBXFileReference; lastKnownFileType = audio.mp3; name = base_062.mp3; path = "../../../mp3音频/base_062.mp3"; sourceTree = "<group>"; };
		BB0ACE631E67113A00C4CDE5 /* FTMAudioSourceManager.h */ = {isa = PBXFileReference; fileEncoding = 4; lastKnownFileType = sourcecode.c.h; path = FTMAudioSourceManager.h; sourceTree = "<group>"; };
		BB0ACE641E67113A00C4CDE5 /* FTMAudioSourceManager.m */ = {isa = PBXFileReference; fileEncoding = 4; lastKnownFileType = sourcecode.c.objc; path = FTMAudioSourceManager.m; sourceTree = "<group>"; };
		BB0ACE661E672BB900C4CDE5 /* coco180.png */ = {isa = PBXFileReference; lastKnownFileType = image.png; name = coco180.png; path = "../../../coding/salt-App效果图/coco180.png"; sourceTree = "<group>"; };
		BB168CA21E4B4B5E00C48CCC /* FTMUserDefault.h */ = {isa = PBXFileReference; fileEncoding = 4; lastKnownFileType = sourcecode.c.h; path = FTMUserDefault.h; sourceTree = "<group>"; };
		BB168CA31E4B4B5E00C48CCC /* FTMUserDefault.m */ = {isa = PBXFileReference; fileEncoding = 4; lastKnownFileType = sourcecode.c.objc; path = FTMUserDefault.m; sourceTree = "<group>"; };
		BB168CA61E4B4E5200C48CCC /* FTMWelcomeViewController.h */ = {isa = PBXFileReference; fileEncoding = 4; lastKnownFileType = sourcecode.c.h; path = FTMWelcomeViewController.h; sourceTree = "<group>"; };
		BB168CA71E4B4E5200C48CCC /* FTMWelcomeViewController.m */ = {isa = PBXFileReference; fileEncoding = 4; lastKnownFileType = sourcecode.c.objc; path = FTMWelcomeViewController.m; sourceTree = "<group>"; };
		BB168CAF1E4B506400C48CCC /* FTMMailLoginVC.h */ = {isa = PBXFileReference; fileEncoding = 4; lastKnownFileType = sourcecode.c.h; path = FTMMailLoginVC.h; sourceTree = "<group>"; };
		BB168CB01E4B506400C48CCC /* FTMMailLoginVC.m */ = {isa = PBXFileReference; fileEncoding = 4; lastKnownFileType = sourcecode.c.objc; path = FTMMailLoginVC.m; sourceTree = "<group>"; };
		BB168CB21E4B508100C48CCC /* FTMThirdLoginVC.h */ = {isa = PBXFileReference; fileEncoding = 4; lastKnownFileType = sourcecode.c.h; path = FTMThirdLoginVC.h; sourceTree = "<group>"; };
		BB168CB31E4B508100C48CCC /* FTMThirdLoginVC.m */ = {isa = PBXFileReference; fileEncoding = 4; lastKnownFileType = sourcecode.c.objc; path = FTMThirdLoginVC.m; sourceTree = "<group>"; };
		BB168CB61E4B513300C48CCC /* toastView.h */ = {isa = PBXFileReference; fileEncoding = 4; lastKnownFileType = sourcecode.c.h; path = toastView.h; sourceTree = "<group>"; };
		BB168CB71E4B513300C48CCC /* toastView.m */ = {isa = PBXFileReference; fileEncoding = 4; lastKnownFileType = sourcecode.c.objc; path = toastView.m; sourceTree = "<group>"; };
		BB6A20D51E48B19800CC810C /* message_tab_focus.png */ = {isa = PBXFileReference; lastKnownFileType = image.png; name = message_tab_focus.png; path = "../../../coding/salt-App效果图/message_tab_focus.png"; sourceTree = "<group>"; };
		BB6A20D61E48B19800CC810C /* message_tab.png */ = {isa = PBXFileReference; lastKnownFileType = image.png; name = message_tab.png; path = "../../../coding/salt-App效果图/message_tab.png"; sourceTree = "<group>"; };
		BB6A20D91E48B57600CC810C /* friend_tab_focus.png */ = {isa = PBXFileReference; lastKnownFileType = image.png; name = friend_tab_focus.png; path = "../../../coding/salt-App效果图/friend_tab_focus.png"; sourceTree = "<group>"; };
		BB6A20DA1E48B57600CC810C /* friend_tab.png */ = {isa = PBXFileReference; lastKnownFileType = image.png; name = friend_tab.png; path = "../../../coding/salt-App效果图/friend_tab.png"; sourceTree = "<group>"; };
		BB75A7C41E6C11D400241B44 /* FTMSuggestFriendsVC.h */ = {isa = PBXFileReference; fileEncoding = 4; lastKnownFileType = sourcecode.c.h; path = FTMSuggestFriendsVC.h; sourceTree = "<group>"; };
		BB75A7C51E6C11D400241B44 /* FTMSuggestFriendsVC.m */ = {isa = PBXFileReference; fileEncoding = 4; lastKnownFileType = sourcecode.c.objc; path = FTMSuggestFriendsVC.m; sourceTree = "<group>"; };
		BB7A0D421E573C9400892AAB /* more.png */ = {isa = PBXFileReference; lastKnownFileType = image.png; name = more.png; path = "../../../coding/salt-App效果图/more.png"; sourceTree = "<group>"; };
		BB7A0D441E57DE4900892AAB /* from_icon.png */ = {isa = PBXFileReference; lastKnownFileType = image.png; name = from_icon.png; path = "../../../coding/salt-App效果图/from_icon.png"; sourceTree = "<group>"; };
		BB7A0D461E57DE5800892AAB /* to_icon.png */ = {isa = PBXFileReference; lastKnownFileType = image.png; name = to_icon.png; path = "../../../coding/salt-App效果图/to_icon.png"; sourceTree = "<group>"; };
		BB7A0D4A1E5808B800892AAB /* AudioToolbox.framework */ = {isa = PBXFileReference; lastKnownFileType = wrapper.framework; name = AudioToolbox.framework; path = System/Library/Frameworks/AudioToolbox.framework; sourceTree = SDKROOT; };
		BB7A0D4C1E580B5800892AAB /* sleep_tom.wav */ = {isa = PBXFileReference; lastKnownFileType = audio.wav; name = sleep_tom.wav; path = ../../../../Downloads/sleep_tom.wav; sourceTree = "<group>"; };
		BB8755B21E5206FC008B296D /* FTMNicknameVC.h */ = {isa = PBXFileReference; fileEncoding = 4; lastKnownFileType = sourcecode.c.h; path = FTMNicknameVC.h; sourceTree = "<group>"; };
		BB8755B31E5206FC008B296D /* FTMNicknameVC.m */ = {isa = PBXFileReference; fileEncoding = 4; lastKnownFileType = sourcecode.c.objc; path = FTMNicknameVC.m; sourceTree = "<group>"; };
		BB9EB4731E3F2A5800911C8F /* forestman.app */ = {isa = PBXFileReference; explicitFileType = wrapper.application; includeInIndex = 0; path = forestman.app; sourceTree = BUILT_PRODUCTS_DIR; };
		BB9EB4771E3F2A5800911C8F /* main.m */ = {isa = PBXFileReference; lastKnownFileType = sourcecode.c.objc; path = main.m; sourceTree = "<group>"; };
		BB9EB4791E3F2A5800911C8F /* AppDelegate.h */ = {isa = PBXFileReference; lastKnownFileType = sourcecode.c.h; path = AppDelegate.h; sourceTree = "<group>"; };
		BB9EB47A1E3F2A5800911C8F /* AppDelegate.m */ = {isa = PBXFileReference; lastKnownFileType = sourcecode.c.objc; path = AppDelegate.m; sourceTree = "<group>"; };
		BB9EB4881E3F2A5800911C8F /* Assets.xcassets */ = {isa = PBXFileReference; lastKnownFileType = folder.assetcatalog; path = Assets.xcassets; sourceTree = "<group>"; };
		BB9EB48D1E3F2A5800911C8F /* Info.plist */ = {isa = PBXFileReference; lastKnownFileType = text.plist.xml; path = Info.plist; sourceTree = "<group>"; };
		BB9EB4921E3F2A5800911C8F /* forestmanTests.xctest */ = {isa = PBXFileReference; explicitFileType = wrapper.cfbundle; includeInIndex = 0; path = forestmanTests.xctest; sourceTree = BUILT_PRODUCTS_DIR; };
		BB9EB4961E3F2A5800911C8F /* forestmanTests.m */ = {isa = PBXFileReference; lastKnownFileType = sourcecode.c.objc; path = forestmanTests.m; sourceTree = "<group>"; };
		BB9EB4981E3F2A5800911C8F /* Info.plist */ = {isa = PBXFileReference; lastKnownFileType = text.plist.xml; path = Info.plist; sourceTree = "<group>"; };
		BB9EB49D1E3F2A5800911C8F /* forestmanUITests.xctest */ = {isa = PBXFileReference; explicitFileType = wrapper.cfbundle; includeInIndex = 0; path = forestmanUITests.xctest; sourceTree = BUILT_PRODUCTS_DIR; };
		BB9EB4A11E3F2A5800911C8F /* forestmanUITests.m */ = {isa = PBXFileReference; lastKnownFileType = sourcecode.c.objc; path = forestmanUITests.m; sourceTree = "<group>"; };
		BB9EB4A31E3F2A5800911C8F /* Info.plist */ = {isa = PBXFileReference; lastKnownFileType = text.plist.xml; path = Info.plist; sourceTree = "<group>"; };
		BB9EB4B01E3F2C7200911C8F /* FTMRootViewController.h */ = {isa = PBXFileReference; fileEncoding = 4; lastKnownFileType = sourcecode.c.h; path = FTMRootViewController.h; sourceTree = "<group>"; };
		BB9EB4B11E3F2C7200911C8F /* FTMRootViewController.m */ = {isa = PBXFileReference; fileEncoding = 4; lastKnownFileType = sourcecode.c.objc; path = FTMRootViewController.m; sourceTree = "<group>"; };
		BB9EB4B51E3F2DB100911C8F /* FTMTabBarViewController.h */ = {isa = PBXFileReference; fileEncoding = 4; lastKnownFileType = sourcecode.c.h; path = FTMTabBarViewController.h; sourceTree = "<group>"; };
		BB9EB4B61E3F2DB100911C8F /* FTMTabBarViewController.m */ = {isa = PBXFileReference; fileEncoding = 4; lastKnownFileType = sourcecode.c.objc; path = FTMTabBarViewController.m; sourceTree = "<group>"; };
		BB9EB4B81E3F2E5900911C8F /* FTMFriendsViewController.h */ = {isa = PBXFileReference; fileEncoding = 4; lastKnownFileType = sourcecode.c.h; path = FTMFriendsViewController.h; sourceTree = "<group>"; };
		BB9EB4B91E3F2E5900911C8F /* FTMFriendsViewController.m */ = {isa = PBXFileReference; fileEncoding = 4; lastKnownFileType = sourcecode.c.objc; path = FTMFriendsViewController.m; sourceTree = "<group>"; };
		BB9EB4BB1E3F2E7800911C8F /* FTMMessageViewController.h */ = {isa = PBXFileReference; fileEncoding = 4; lastKnownFileType = sourcecode.c.h; path = FTMMessageViewController.h; sourceTree = "<group>"; };
		BB9EB4BC1E3F2E7800911C8F /* FTMMessageViewController.m */ = {isa = PBXFileReference; fileEncoding = 4; lastKnownFileType = sourcecode.c.objc; path = FTMMessageViewController.m; sourceTree = "<group>"; };
		BB9EB4BE1E3F2EA400911C8F /* FTMMineViewController.h */ = {isa = PBXFileReference; fileEncoding = 4; lastKnownFileType = sourcecode.c.h; path = FTMMineViewController.h; sourceTree = "<group>"; };
		BB9EB4BF1E3F2EA400911C8F /* FTMMineViewController.m */ = {isa = PBXFileReference; fileEncoding = 4; lastKnownFileType = sourcecode.c.objc; path = FTMMineViewController.m; sourceTree = "<group>"; };
		BB9EB4C21E3F319200911C8F /* colorManager.h */ = {isa = PBXFileReference; fileEncoding = 4; lastKnownFileType = sourcecode.c.h; path = colorManager.h; sourceTree = "<group>"; };
		BB9EB4C31E3F319200911C8F /* colorManager.m */ = {isa = PBXFileReference; fileEncoding = 4; lastKnownFileType = sourcecode.c.objc; path = colorManager.m; sourceTree = "<group>"; };
		BB9EB4C61E3F337700911C8F /* home_tab_focus.png */ = {isa = PBXFileReference; lastKnownFileType = image.png; name = home_tab_focus.png; path = "../../../coding/salt-App效果图/home_tab_focus.png"; sourceTree = "<group>"; };
		BB9EB4C71E3F337700911C8F /* home_tab.png */ = {isa = PBXFileReference; lastKnownFileType = image.png; name = home_tab.png; path = "../../../coding/salt-App效果图/home_tab.png"; sourceTree = "<group>"; };
		BB9EB4CA1E3F338600911C8F /* discovery_tab_focus.png */ = {isa = PBXFileReference; lastKnownFileType = image.png; name = discovery_tab_focus.png; path = "../../../coding/salt-App效果图/discovery_tab_focus.png"; sourceTree = "<group>"; };
		BB9EB4CB1E3F338600911C8F /* discovery_tab.png */ = {isa = PBXFileReference; lastKnownFileType = image.png; name = discovery_tab.png; path = "../../../coding/salt-App效果图/discovery_tab.png"; sourceTree = "<group>"; };
		BB9EB4CE1E3F339400911C8F /* mine_tab_focus.png */ = {isa = PBXFileReference; lastKnownFileType = image.png; name = mine_tab_focus.png; path = "../../../coding/salt-App效果图/mine_tab_focus.png"; sourceTree = "<group>"; };
		BB9EB4CF1E3F339400911C8F /* mine_tab.png */ = {isa = PBXFileReference; lastKnownFileType = image.png; name = mine_tab.png; path = "../../../coding/salt-App效果图/mine_tab.png"; sourceTree = "<group>"; };
		BB9EB4D41E3F3A4300911C8F /* FTMFriendsCell.h */ = {isa = PBXFileReference; fileEncoding = 4; lastKnownFileType = sourcecode.c.h; path = FTMFriendsCell.h; sourceTree = "<group>"; };
		BB9EB4D51E3F3A4300911C8F /* FTMFriendsCell.m */ = {isa = PBXFileReference; fileEncoding = 4; lastKnownFileType = sourcecode.c.objc; path = FTMFriendsCell.m; sourceTree = "<group>"; };
		BB9EB4D71E3F44D300911C8F /* FTMMessageCell.h */ = {isa = PBXFileReference; fileEncoding = 4; lastKnownFileType = sourcecode.c.h; path = FTMMessageCell.h; sourceTree = "<group>"; };
		BB9EB4D81E3F44D300911C8F /* FTMMessageCell.m */ = {isa = PBXFileReference; fileEncoding = 4; lastKnownFileType = sourcecode.c.objc; path = FTMMessageCell.m; sourceTree = "<group>"; };
		BB9EB4DB1E3F5F5C00911C8F /* FTMPersonViewController.h */ = {isa = PBXFileReference; fileEncoding = 4; lastKnownFileType = sourcecode.c.h; path = FTMPersonViewController.h; sourceTree = "<group>"; };
		BB9EB4DC1E3F5F5C00911C8F /* FTMPersonViewController.m */ = {isa = PBXFileReference; fileEncoding = 4; lastKnownFileType = sourcecode.c.objc; path = FTMPersonViewController.m; sourceTree = "<group>"; };
		BB9EB4DE1E3F617500911C8F /* back_black.png */ = {isa = PBXFileReference; lastKnownFileType = image.png; name = back_black.png; path = "../../../coding/salt-App效果图/back_black.png"; sourceTree = "<group>"; };
		BB9EB4E01E3F812B00911C8F /* FTMExtraMessageViewController.h */ = {isa = PBXFileReference; fileEncoding = 4; lastKnownFileType = sourcecode.c.h; path = FTMExtraMessageViewController.h; sourceTree = "<group>"; };
		BB9EB4E11E3F812C00911C8F /* FTMExtraMessageViewController.m */ = {isa = PBXFileReference; fileEncoding = 4; lastKnownFileType = sourcecode.c.objc; path = FTMExtraMessageViewController.m; sourceTree = "<group>"; };
		BB9EB4E41E400A6200911C8F /* urlManager.h */ = {isa = PBXFileReference; fileEncoding = 4; lastKnownFileType = sourcecode.c.h; path = urlManager.h; sourceTree = "<group>"; };
		BB9EB4E51E400A6200911C8F /* urlManager.m */ = {isa = PBXFileReference; fileEncoding = 4; lastKnownFileType = sourcecode.c.objc; path = urlManager.m; sourceTree = "<group>"; };
		BB9EB4E81E400F4F00911C8F /* FTMSearchViewController.h */ = {isa = PBXFileReference; fileEncoding = 4; lastKnownFileType = sourcecode.c.h; path = FTMSearchViewController.h; sourceTree = "<group>"; };
		BB9EB4E91E400F4F00911C8F /* FTMSearchViewController.m */ = {isa = PBXFileReference; fileEncoding = 4; lastKnownFileType = sourcecode.c.objc; path = FTMSearchViewController.m; sourceTree = "<group>"; };
		BB9EB4EB1E40A2D100911C8F /* FTMAddFriendViewController.h */ = {isa = PBXFileReference; fileEncoding = 4; lastKnownFileType = sourcecode.c.h; path = FTMAddFriendViewController.h; sourceTree = "<group>"; };
		BB9EB4EC1E40A2D100911C8F /* FTMAddFriendViewController.m */ = {isa = PBXFileReference; fileEncoding = 4; lastKnownFileType = sourcecode.c.objc; path = FTMAddFriendViewController.m; sourceTree = "<group>"; };
		BB9EB4EF1E421D5400911C8F /* FTMMyOwnScrollView.h */ = {isa = PBXFileReference; fileEncoding = 4; lastKnownFileType = sourcecode.c.h; path = FTMMyOwnScrollView.h; sourceTree = "<group>"; };
		BB9EB4F01E421D5400911C8F /* FTMMyOwnScrollView.m */ = {isa = PBXFileReference; fileEncoding = 4; lastKnownFileType = sourcecode.c.objc; path = FTMMyOwnScrollView.m; sourceTree = "<group>"; };
		BB9EB4F21E422FE800911C8F /* close.png */ = {isa = PBXFileReference; lastKnownFileType = image.png; name = close.png; path = "../../../coding/salt-App效果图/close.png"; sourceTree = "<group>"; };
		BB9EB4F61E42C2F000911C8F /* direct.png */ = {isa = PBXFileReference; lastKnownFileType = image.png; name = direct.png; path = "../../../coding/salt-App效果图/direct.png"; sourceTree = "<group>"; };
		BBAF10421E59920600E22677 /* sleep_tom.m4a */ = {isa = PBXFileReference; lastKnownFileType = file; name = sleep_tom.m4a; path = ../../../xcode_project/WhatsUp/WhatsUp/sleep_tom.m4a; sourceTree = "<group>"; };
		BBAF10431E5B37D100E22677 /* red_dot.png */ = {isa = PBXFileReference; lastKnownFileType = image.png; name = red_dot.png; path = "../../../coding/salt-App效果图/red_dot.png"; sourceTree = "<group>"; };
		BBAF10461E5DEF6A00E22677 /* FTMShareManager.h */ = {isa = PBXFileReference; fileEncoding = 4; lastKnownFileType = sourcecode.c.h; path = FTMShareManager.h; sourceTree = "<group>"; };
		BBAF10471E5DEF6A00E22677 /* FTMShareManager.m */ = {isa = PBXFileReference; fileEncoding = 4; lastKnownFileType = sourcecode.c.objc; path = FTMShareManager.m; sourceTree = "<group>"; };
		BBB809CB1E61CDAD00074C1B /* coco_logo.png */ = {isa = PBXFileReference; lastKnownFileType = image.png; name = coco_logo.png; path = "../../../coding/salt-App效果图/coco_logo.png"; sourceTree = "<group>"; };
		BBB809CD1E627FFA00074C1B /* XY_xdf.mp3 */ = {isa = PBXFileReference; lastKnownFileType = audio.mp3; name = XY_xdf.mp3; path = ../../../../Downloads/XY_xdf.mp3; sourceTree = "<group>"; };
		BBB809D01E63104200074C1B /* FTMAudioPlayManager.h */ = {isa = PBXFileReference; fileEncoding = 4; lastKnownFileType = sourcecode.c.h; path = FTMAudioPlayManager.h; sourceTree = "<group>"; };
		BBB809D11E63104200074C1B /* FTMAudioPlayManager.m */ = {isa = PBXFileReference; fileEncoding = 4; lastKnownFileType = sourcecode.c.objc; path = FTMAudioPlayManager.m; sourceTree = "<group>"; };
		BBDB1C8A1E587A8200BCE96B /* forestman.entitlements */ = {isa = PBXFileReference; lastKnownFileType = text.plist.entitlements; path = forestman.entitlements; sourceTree = "<group>"; };
		BBDB1C8C1E58821B00BCE96B /* FTMDeviceTokenManager.h */ = {isa = PBXFileReference; fileEncoding = 4; lastKnownFileType = sourcecode.c.h; path = FTMDeviceTokenManager.h; sourceTree = "<group>"; };
		BBDB1C8D1E58821B00BCE96B /* FTMDeviceTokenManager.m */ = {isa = PBXFileReference; fileEncoding = 4; lastKnownFileType = sourcecode.c.objc; path = FTMDeviceTokenManager.m; sourceTree = "<group>"; };
		C1BFDA92F0485A65A167786A /* libPods-forestman.a */ = {isa = PBXFileReference; explicitFileType = archive.ar; includeInIndex = 0; path = "libPods-forestman.a"; sourceTree = BUILT_PRODUCTS_DIR; };
		D3DEC9B0AC1F65FFF8A6D251 /* Pods-forestman.debug.xcconfig */ = {isa = PBXFileReference; includeInIndex = 1; lastKnownFileType = text.xcconfig; name = "Pods-forestman.debug.xcconfig"; path = "Pods/Target Support Files/Pods-forestman/Pods-forestman.debug.xcconfig"; sourceTree = "<group>"; };
		DAF987D9F56972FCB6062542 /* Pods-forestman.release.xcconfig */ = {isa = PBXFileReference; includeInIndex = 1; lastKnownFileType = text.xcconfig; name = "Pods-forestman.release.xcconfig"; path = "Pods/Target Support Files/Pods-forestman/Pods-forestman.release.xcconfig"; sourceTree = "<group>"; };
/* End PBXFileReference section */

/* Begin PBXFrameworksBuildPhase section */
		BB9EB4701E3F2A5800911C8F /* Frameworks */ = {
			isa = PBXFrameworksBuildPhase;
			buildActionMask = 2147483647;
			files = (
				BB7A0D4B1E5808B800892AAB /* AudioToolbox.framework in Frameworks */,
				CB7F0A924289214285C81147 /* libPods-forestman.a in Frameworks */,
			);
			runOnlyForDeploymentPostprocessing = 0;
		};
		BB9EB48F1E3F2A5800911C8F /* Frameworks */ = {
			isa = PBXFrameworksBuildPhase;
			buildActionMask = 2147483647;
			files = (
			);
			runOnlyForDeploymentPostprocessing = 0;
		};
		BB9EB49A1E3F2A5800911C8F /* Frameworks */ = {
			isa = PBXFrameworksBuildPhase;
			buildActionMask = 2147483647;
			files = (
			);
			runOnlyForDeploymentPostprocessing = 0;
		};
/* End PBXFrameworksBuildPhase section */

/* Begin PBXGroup section */
		254A09FE5837318DA1CEA72E /* Pods */ = {
			isa = PBXGroup;
			children = (
				D3DEC9B0AC1F65FFF8A6D251 /* Pods-forestman.debug.xcconfig */,
				DAF987D9F56972FCB6062542 /* Pods-forestman.release.xcconfig */,
			);
			name = Pods;
			sourceTree = "<group>";
		};
		BB168CA11E4B4B1F00C48CCC /* user Default */ = {
			isa = PBXGroup;
			children = (
				BB168CA21E4B4B5E00C48CCC /* FTMUserDefault.h */,
				BB168CA31E4B4B5E00C48CCC /* FTMUserDefault.m */,
			);
			name = "user Default";
			sourceTree = "<group>";
		};
		BB168CA51E4B4E2A00C48CCC /* login */ = {
			isa = PBXGroup;
			children = (
				BB168CA61E4B4E5200C48CCC /* FTMWelcomeViewController.h */,
				BB168CA71E4B4E5200C48CCC /* FTMWelcomeViewController.m */,
				BB168CAF1E4B506400C48CCC /* FTMMailLoginVC.h */,
				BB168CB01E4B506400C48CCC /* FTMMailLoginVC.m */,
				BB168CB21E4B508100C48CCC /* FTMThirdLoginVC.h */,
				BB168CB31E4B508100C48CCC /* FTMThirdLoginVC.m */,
			);
			name = login;
			sourceTree = "<group>";
		};
		BB168CB51E4B50F900C48CCC /* toast */ = {
			isa = PBXGroup;
			children = (
				BB168CB61E4B513300C48CCC /* toastView.h */,
				BB168CB71E4B513300C48CCC /* toastView.m */,
			);
			name = toast;
			sourceTree = "<group>";
		};
		BB7A0D481E5806EA00892AAB /* sound */ = {
			isa = PBXGroup;
			children = (
				BB0ACDE71E67101500C4CDE5 /* base_001.mp3 */,
				BB0ACDE81E67101500C4CDE5 /* base_002.mp3 */,
				BB0ACDE91E67101500C4CDE5 /* base_003.mp3 */,
				BB0ACDEA1E67101500C4CDE5 /* base_004.mp3 */,
				BB0ACDEB1E67101500C4CDE5 /* base_005.mp3 */,
				BB0ACDEC1E67101500C4CDE5 /* base_006.mp3 */,
				BB0ACDED1E67101500C4CDE5 /* base_007.mp3 */,
				BB0ACDEE1E67101500C4CDE5 /* base_008.mp3 */,
				BB0ACDEF1E67101500C4CDE5 /* base_009.mp3 */,
				BB0ACDF01E67101500C4CDE5 /* base_010.mp3 */,
				BB0ACDF11E67101500C4CDE5 /* base_011.mp3 */,
				BB0ACDF21E67101500C4CDE5 /* base_012.mp3 */,
				BB0ACDF31E67101500C4CDE5 /* base_013.mp3 */,
				BB0ACDF41E67101500C4CDE5 /* base_014.mp3 */,
				BB0ACDF51E67101500C4CDE5 /* base_015.mp3 */,
				BB0ACDF61E67101500C4CDE5 /* base_016.mp3 */,
				BB0ACDF71E67101500C4CDE5 /* base_017.mp3 */,
				BB0ACDF81E67101500C4CDE5 /* base_018.mp3 */,
				BB0ACDF91E67101500C4CDE5 /* base_019.mp3 */,
				BB0ACDFA1E67101500C4CDE5 /* base_020.mp3 */,
				BB0ACDFB1E67101500C4CDE5 /* base_021.mp3 */,
				BB0ACDFC1E67101500C4CDE5 /* base_022.mp3 */,
				BB0ACDFD1E67101500C4CDE5 /* base_023.mp3 */,
				BB0ACDFE1E67101500C4CDE5 /* base_024.mp3 */,
				BB0ACDFF1E67101500C4CDE5 /* base_025.mp3 */,
				BB0ACE001E67101500C4CDE5 /* base_026.mp3 */,
				BB0ACE011E67101500C4CDE5 /* base_027.mp3 */,
				BB0ACE021E67101500C4CDE5 /* base_028.mp3 */,
				BB0ACE031E67101500C4CDE5 /* base_029.mp3 */,
				BB0ACE041E67101500C4CDE5 /* base_030.mp3 */,
				BB0ACE051E67101500C4CDE5 /* base_031.mp3 */,
				BB0ACE061E67101500C4CDE5 /* base_032.mp3 */,
				BB0ACE071E67101500C4CDE5 /* base_033.mp3 */,
				BB0ACE081E67101500C4CDE5 /* base_034.mp3 */,
				BB0ACE091E67101500C4CDE5 /* base_035.mp3 */,
				BB0ACE0A1E67101500C4CDE5 /* base_036.mp3 */,
				BB0ACE0B1E67101500C4CDE5 /* base_037.mp3 */,
				BB0ACE0C1E67101500C4CDE5 /* base_038.mp3 */,
				BB0ACE0D1E67101500C4CDE5 /* base_039.mp3 */,
				BB0ACE0E1E67101500C4CDE5 /* base_040.mp3 */,
				BB0ACE0F1E67101500C4CDE5 /* base_041.mp3 */,
				BB0ACE101E67101500C4CDE5 /* base_042.mp3 */,
				BB0ACE111E67101500C4CDE5 /* base_043.mp3 */,
				BB0ACE121E67101500C4CDE5 /* base_044.mp3 */,
				BB0ACE131E67101500C4CDE5 /* base_045.mp3 */,
				BB0ACE141E67101500C4CDE5 /* base_046.mp3 */,
				BB0ACE151E67101500C4CDE5 /* base_047.mp3 */,
				BB0ACE161E67101500C4CDE5 /* base_048.mp3 */,
				BB0ACE171E67101500C4CDE5 /* base_049.mp3 */,
				BB0ACE181E67101500C4CDE5 /* base_050.mp3 */,
				BB0ACE191E67101500C4CDE5 /* base_051.mp3 */,
				BB0ACE1A1E67101500C4CDE5 /* base_052.mp3 */,
				BB0ACE1B1E67101500C4CDE5 /* base_053.mp3 */,
				BB0ACE1C1E67101500C4CDE5 /* base_054.mp3 */,
				BB0ACE1D1E67101500C4CDE5 /* base_055.mp3 */,
				BB0ACE1E1E67101500C4CDE5 /* base_056.mp3 */,
				BB0ACE1F1E67101500C4CDE5 /* base_057.mp3 */,
				BB0ACE201E67101500C4CDE5 /* base_058.mp3 */,
				BB0ACE211E67101500C4CDE5 /* base_059.mp3 */,
				BB0ACE221E67101500C4CDE5 /* base_060.mp3 */,
				BB0ACE231E67101500C4CDE5 /* base_061.mp3 */,
				BB0ACE241E67101500C4CDE5 /* base_062.mp3 */,
				BBAF10421E59920600E22677 /* sleep_tom.m4a */,
				BB7A0D4C1E580B5800892AAB /* sleep_tom.wav */,
				BBB809CD1E627FFA00074C1B /* XY_xdf.mp3 */,
			);
			name = sound;
			sourceTree = "<group>";
		};
		BB8755B01E5206A0008B296D /* mine center */ = {
			isa = PBXGroup;
			children = (
				BB8755B11E5206CA008B296D /* nickname */,
			);
			name = "mine center";
			sourceTree = "<group>";
		};
		BB8755B11E5206CA008B296D /* nickname */ = {
			isa = PBXGroup;
			children = (
				BB8755B21E5206FC008B296D /* FTMNicknameVC.h */,
				BB8755B31E5206FC008B296D /* FTMNicknameVC.m */,
			);
			name = nickname;
			sourceTree = "<group>";
		};
		BB9EB46A1E3F2A5800911C8F = {
			isa = PBXGroup;
			children = (
				BB9EB4751E3F2A5800911C8F /* forestman */,
				BB9EB4951E3F2A5800911C8F /* forestmanTests */,
				BB9EB4A01E3F2A5800911C8F /* forestmanUITests */,
				BB9EB4741E3F2A5800911C8F /* Products */,
				254A09FE5837318DA1CEA72E /* Pods */,
				E8CA3B2DFB9567425855E2D6 /* Frameworks */,
			);
			sourceTree = "<group>";
		};
		BB9EB4741E3F2A5800911C8F /* Products */ = {
			isa = PBXGroup;
			children = (
				BB9EB4731E3F2A5800911C8F /* forestman.app */,
				BB9EB4921E3F2A5800911C8F /* forestmanTests.xctest */,
				BB9EB49D1E3F2A5800911C8F /* forestmanUITests.xctest */,
			);
			name = Products;
			sourceTree = "<group>";
		};
		BB9EB4751E3F2A5800911C8F /* forestman */ = {
			isa = PBXGroup;
			children = (
				BB7A0D481E5806EA00892AAB /* sound */,
				BB9EB4C51E3F330100911C8F /* pics */,
				BB9EB4E31E4009C900911C8F /* url manager */,
				BB9EB4C11E3F314000911C8F /* color manager */,
				BBDB1C8B1E5881A800BCE96B /* device token */,
				BB168CB51E4B50F900C48CCC /* toast */,
				BBAF10451E5DEF4C00E22677 /* share */,
				BBB809CF1E63100400074C1B /* audio play */,
				BB168CA11E4B4B1F00C48CCC /* user Default */,
				BB168CA51E4B4E2A00C48CCC /* login */,
				BB9EB4D21E3F398500911C8F /* cells */,
				BB9EB4E71E400F0400911C8F /* add friends */,
				BB9EB4DA1E3F5F0200911C8F /* person */,
				BB8755B01E5206A0008B296D /* mine center */,
				BB9EB4B31E3F2D3700911C8F /* first layer */,
				BB9EB4AF1E3F2C3B00911C8F /* root layer */,
				BB9EB4791E3F2A5800911C8F /* AppDelegate.h */,
				BB9EB47A1E3F2A5800911C8F /* AppDelegate.m */,
				BB9EB4881E3F2A5800911C8F /* Assets.xcassets */,
				BBDB1C8A1E587A8200BCE96B /* forestman.entitlements */,
				BB9EB48D1E3F2A5800911C8F /* Info.plist */,
				BB9EB4761E3F2A5800911C8F /* Supporting Files */,
			);
			path = forestman;
			sourceTree = "<group>";
		};
		BB9EB4761E3F2A5800911C8F /* Supporting Files */ = {
			isa = PBXGroup;
			children = (
				BB9EB4771E3F2A5800911C8F /* main.m */,
			);
			name = "Supporting Files";
			sourceTree = "<group>";
		};
		BB9EB4951E3F2A5800911C8F /* forestmanTests */ = {
			isa = PBXGroup;
			children = (
				BB9EB4961E3F2A5800911C8F /* forestmanTests.m */,
				BB9EB4981E3F2A5800911C8F /* Info.plist */,
			);
			path = forestmanTests;
			sourceTree = "<group>";
		};
		BB9EB4A01E3F2A5800911C8F /* forestmanUITests */ = {
			isa = PBXGroup;
			children = (
				BB9EB4A11E3F2A5800911C8F /* forestmanUITests.m */,
				BB9EB4A31E3F2A5800911C8F /* Info.plist */,
			);
			path = forestmanUITests;
			sourceTree = "<group>";
		};
		BB9EB4AF1E3F2C3B00911C8F /* root layer */ = {
			isa = PBXGroup;
			children = (
				BB9EB4B01E3F2C7200911C8F /* FTMRootViewController.h */,
				BB9EB4B11E3F2C7200911C8F /* FTMRootViewController.m */,
			);
			name = "root layer";
			sourceTree = "<group>";
		};
		BB9EB4B31E3F2D3700911C8F /* first layer */ = {
			isa = PBXGroup;
			children = (
				BB9EB4B41E3F2D6000911C8F /* based */,
				BB9EB4B81E3F2E5900911C8F /* FTMFriendsViewController.h */,
				BB9EB4B91E3F2E5900911C8F /* FTMFriendsViewController.m */,
				BB9EB4BB1E3F2E7800911C8F /* FTMMessageViewController.h */,
				BB9EB4BC1E3F2E7800911C8F /* FTMMessageViewController.m */,
				BB9EB4BE1E3F2EA400911C8F /* FTMMineViewController.h */,
				BB9EB4BF1E3F2EA400911C8F /* FTMMineViewController.m */,
			);
			name = "first layer";
			sourceTree = "<group>";
		};
		BB9EB4B41E3F2D6000911C8F /* based */ = {
			isa = PBXGroup;
			children = (
				BB9EB4B51E3F2DB100911C8F /* FTMTabBarViewController.h */,
				BB9EB4B61E3F2DB100911C8F /* FTMTabBarViewController.m */,
			);
			name = based;
			sourceTree = "<group>";
		};
		BB9EB4C11E3F314000911C8F /* color manager */ = {
			isa = PBXGroup;
			children = (
				BB9EB4C21E3F319200911C8F /* colorManager.h */,
				BB9EB4C31E3F319200911C8F /* colorManager.m */,
			);
			name = "color manager";
			sourceTree = "<group>";
		};
		BB9EB4C51E3F330100911C8F /* pics */ = {
			isa = PBXGroup;
			children = (
				BB0ACE661E672BB900C4CDE5 /* coco180.png */,
				BBB809CB1E61CDAD00074C1B /* coco_logo.png */,
				BBAF10431E5B37D100E22677 /* red_dot.png */,
				BB7A0D441E57DE4900892AAB /* from_icon.png */,
				BB7A0D461E57DE5800892AAB /* to_icon.png */,
				BB7A0D421E573C9400892AAB /* more.png */,
				BB9EB4C61E3F337700911C8F /* home_tab_focus.png */,
				BB9EB4C71E3F337700911C8F /* home_tab.png */,
				BB6A20D91E48B57600CC810C /* friend_tab_focus.png */,
				BB6A20DA1E48B57600CC810C /* friend_tab.png */,
				BB9EB4CA1E3F338600911C8F /* discovery_tab_focus.png */,
				BB9EB4CB1E3F338600911C8F /* discovery_tab.png */,
				BB6A20D51E48B19800CC810C /* message_tab_focus.png */,
				BB6A20D61E48B19800CC810C /* message_tab.png */,
				BB9EB4CE1E3F339400911C8F /* mine_tab_focus.png */,
				BB9EB4CF1E3F339400911C8F /* mine_tab.png */,
				BB9EB4DE1E3F617500911C8F /* back_black.png */,
				BB9EB4F21E422FE800911C8F /* close.png */,
				BB9EB4F61E42C2F000911C8F /* direct.png */,
			);
			name = pics;
			sourceTree = "<group>";
		};
		BB9EB4D21E3F398500911C8F /* cells */ = {
			isa = PBXGroup;
			children = (
				BB9EB4D41E3F3A4300911C8F /* FTMFriendsCell.h */,
				BB9EB4D51E3F3A4300911C8F /* FTMFriendsCell.m */,
				BB9EB4D71E3F44D300911C8F /* FTMMessageCell.h */,
				BB9EB4D81E3F44D300911C8F /* FTMMessageCell.m */,
			);
			name = cells;
			sourceTree = "<group>";
		};
		BB9EB4DA1E3F5F0200911C8F /* person */ = {
			isa = PBXGroup;
			children = (
				BB9EB4EE1E421D1700911C8F /* my scrollview */,
				BB9EB4DB1E3F5F5C00911C8F /* FTMPersonViewController.h */,
				BB9EB4DC1E3F5F5C00911C8F /* FTMPersonViewController.m */,
				BB9EB4E01E3F812B00911C8F /* FTMExtraMessageViewController.h */,
				BB9EB4E11E3F812C00911C8F /* FTMExtraMessageViewController.m */,
				BB0ACE631E67113A00C4CDE5 /* FTMAudioSourceManager.h */,
				BB0ACE641E67113A00C4CDE5 /* FTMAudioSourceManager.m */,
			);
			name = person;
			sourceTree = "<group>";
		};
		BB9EB4E31E4009C900911C8F /* url manager */ = {
			isa = PBXGroup;
			children = (
				BB9EB4E41E400A6200911C8F /* urlManager.h */,
				BB9EB4E51E400A6200911C8F /* urlManager.m */,
			);
			name = "url manager";
			sourceTree = "<group>";
		};
		BB9EB4E71E400F0400911C8F /* add friends */ = {
			isa = PBXGroup;
			children = (
				BB75A7C41E6C11D400241B44 /* FTMSuggestFriendsVC.h */,
				BB75A7C51E6C11D400241B44 /* FTMSuggestFriendsVC.m */,
				BB9EB4E81E400F4F00911C8F /* FTMSearchViewController.h */,
				BB9EB4E91E400F4F00911C8F /* FTMSearchViewController.m */,
				BB9EB4EB1E40A2D100911C8F /* FTMAddFriendViewController.h */,
				BB9EB4EC1E40A2D100911C8F /* FTMAddFriendViewController.m */,
			);
			name = "add friends";
			sourceTree = "<group>";
		};
		BB9EB4EE1E421D1700911C8F /* my scrollview */ = {
			isa = PBXGroup;
			children = (
				BB9EB4EF1E421D5400911C8F /* FTMMyOwnScrollView.h */,
				BB9EB4F01E421D5400911C8F /* FTMMyOwnScrollView.m */,
			);
			name = "my scrollview";
			sourceTree = "<group>";
		};
		BBAF10451E5DEF4C00E22677 /* share */ = {
			isa = PBXGroup;
			children = (
				BBAF10461E5DEF6A00E22677 /* FTMShareManager.h */,
				BBAF10471E5DEF6A00E22677 /* FTMShareManager.m */,
			);
			name = share;
			sourceTree = "<group>";
		};
		BBB809CF1E63100400074C1B /* audio play */ = {
			isa = PBXGroup;
			children = (
				BBB809D01E63104200074C1B /* FTMAudioPlayManager.h */,
				BBB809D11E63104200074C1B /* FTMAudioPlayManager.m */,
			);
			name = "audio play";
			sourceTree = "<group>";
		};
		BBDB1C8B1E5881A800BCE96B /* device token */ = {
			isa = PBXGroup;
			children = (
				BBDB1C8C1E58821B00BCE96B /* FTMDeviceTokenManager.h */,
				BBDB1C8D1E58821B00BCE96B /* FTMDeviceTokenManager.m */,
			);
			name = "device token";
			sourceTree = "<group>";
		};
		E8CA3B2DFB9567425855E2D6 /* Frameworks */ = {
			isa = PBXGroup;
			children = (
				BB7A0D4A1E5808B800892AAB /* AudioToolbox.framework */,
				C1BFDA92F0485A65A167786A /* libPods-forestman.a */,
			);
			name = Frameworks;
			sourceTree = "<group>";
		};
/* End PBXGroup section */

/* Begin PBXNativeTarget section */
		BB9EB4721E3F2A5800911C8F /* forestman */ = {
			isa = PBXNativeTarget;
			buildConfigurationList = BB9EB4A61E3F2A5800911C8F /* Build configuration list for PBXNativeTarget "forestman" */;
			buildPhases = (
				FA90BDFDD72FDB73FF3AE9C4 /* [CP] Check Pods Manifest.lock */,
				BB9EB46F1E3F2A5800911C8F /* Sources */,
				BB9EB4701E3F2A5800911C8F /* Frameworks */,
				BB9EB4711E3F2A5800911C8F /* Resources */,
				0BEED65B30F796C371B33515 /* [CP] Embed Pods Frameworks */,
				155015EFE51053109A6687DE /* [CP] Copy Pods Resources */,
			);
			buildRules = (
			);
			dependencies = (
			);
			name = forestman;
			productName = forestman;
			productReference = BB9EB4731E3F2A5800911C8F /* forestman.app */;
			productType = "com.apple.product-type.application";
		};
		BB9EB4911E3F2A5800911C8F /* forestmanTests */ = {
			isa = PBXNativeTarget;
			buildConfigurationList = BB9EB4A91E3F2A5800911C8F /* Build configuration list for PBXNativeTarget "forestmanTests" */;
			buildPhases = (
				BB9EB48E1E3F2A5800911C8F /* Sources */,
				BB9EB48F1E3F2A5800911C8F /* Frameworks */,
				BB9EB4901E3F2A5800911C8F /* Resources */,
			);
			buildRules = (
			);
			dependencies = (
				BB9EB4941E3F2A5800911C8F /* PBXTargetDependency */,
			);
			name = forestmanTests;
			productName = forestmanTests;
			productReference = BB9EB4921E3F2A5800911C8F /* forestmanTests.xctest */;
			productType = "com.apple.product-type.bundle.unit-test";
		};
		BB9EB49C1E3F2A5800911C8F /* forestmanUITests */ = {
			isa = PBXNativeTarget;
			buildConfigurationList = BB9EB4AC1E3F2A5800911C8F /* Build configuration list for PBXNativeTarget "forestmanUITests" */;
			buildPhases = (
				BB9EB4991E3F2A5800911C8F /* Sources */,
				BB9EB49A1E3F2A5800911C8F /* Frameworks */,
				BB9EB49B1E3F2A5800911C8F /* Resources */,
			);
			buildRules = (
			);
			dependencies = (
				BB9EB49F1E3F2A5800911C8F /* PBXTargetDependency */,
			);
			name = forestmanUITests;
			productName = forestmanUITests;
			productReference = BB9EB49D1E3F2A5800911C8F /* forestmanUITests.xctest */;
			productType = "com.apple.product-type.bundle.ui-testing";
		};
/* End PBXNativeTarget section */

/* Begin PBXProject section */
		BB9EB46B1E3F2A5800911C8F /* Project object */ = {
			isa = PBXProject;
			attributes = {
				LastUpgradeCheck = 0720;
				ORGANIZATIONNAME = Alfred;
				TargetAttributes = {
					BB9EB4721E3F2A5800911C8F = {
						CreatedOnToolsVersion = 7.2.1;
						DevelopmentTeam = 3HCQXUYMF8;
						SystemCapabilities = {
							com.apple.Push = {
								enabled = 1;
							};
						};
					};
					BB9EB4911E3F2A5800911C8F = {
						CreatedOnToolsVersion = 7.2.1;
						TestTargetID = BB9EB4721E3F2A5800911C8F;
					};
					BB9EB49C1E3F2A5800911C8F = {
						CreatedOnToolsVersion = 7.2.1;
						TestTargetID = BB9EB4721E3F2A5800911C8F;
					};
				};
			};
			buildConfigurationList = BB9EB46E1E3F2A5800911C8F /* Build configuration list for PBXProject "forestman" */;
			compatibilityVersion = "Xcode 3.2";
			developmentRegion = English;
			hasScannedForEncodings = 0;
			knownRegions = (
				en,
				Base,
			);
			mainGroup = BB9EB46A1E3F2A5800911C8F;
			productRefGroup = BB9EB4741E3F2A5800911C8F /* Products */;
			projectDirPath = "";
			projectRoot = "";
			targets = (
				BB9EB4721E3F2A5800911C8F /* forestman */,
				BB9EB4911E3F2A5800911C8F /* forestmanTests */,
				BB9EB49C1E3F2A5800911C8F /* forestmanUITests */,
			);
		};
/* End PBXProject section */

/* Begin PBXResourcesBuildPhase section */
		BB9EB4711E3F2A5800911C8F /* Resources */ = {
			isa = PBXResourcesBuildPhase;
			buildActionMask = 2147483647;
			files = (
				BB0ACE3C1E67101500C4CDE5 /* base_024.mp3 in Resources */,
				BBB809CC1E61CDAD00074C1B /* coco_logo.png in Resources */,
				BB0ACE4F1E67101500C4CDE5 /* base_043.mp3 in Resources */,
				BB0ACE3D1E67101500C4CDE5 /* base_025.mp3 in Resources */,
				BB0ACE2F1E67101500C4CDE5 /* base_011.mp3 in Resources */,
				BB0ACE4D1E67101500C4CDE5 /* base_041.mp3 in Resources */,
				BB9EB4F31E422FE800911C8F /* close.png in Resources */,
				BB0ACE2B1E67101500C4CDE5 /* base_007.mp3 in Resources */,
				BB0ACE391E67101500C4CDE5 /* base_021.mp3 in Resources */,
				BB0ACE4A1E67101500C4CDE5 /* base_038.mp3 in Resources */,
				BB0ACE281E67101500C4CDE5 /* base_004.mp3 in Resources */,
				BB0ACE271E67101500C4CDE5 /* base_003.mp3 in Resources */,
				BB9EB4CD1E3F338600911C8F /* discovery_tab.png in Resources */,
				BB0ACE311E67101500C4CDE5 /* base_013.mp3 in Resources */,
				BB0ACE601E67101500C4CDE5 /* base_060.mp3 in Resources */,
				BB0ACE521E67101500C4CDE5 /* base_046.mp3 in Resources */,
				BB0ACE621E67101500C4CDE5 /* base_062.mp3 in Resources */,
				BB0ACE481E67101500C4CDE5 /* base_036.mp3 in Resources */,
				BB0ACE5E1E67101500C4CDE5 /* base_058.mp3 in Resources */,
				BB0ACE2D1E67101500C4CDE5 /* base_009.mp3 in Resources */,
				BB0ACE431E67101500C4CDE5 /* base_031.mp3 in Resources */,
				BB7A0D471E57DE5800892AAB /* to_icon.png in Resources */,
				BB0ACE371E67101500C4CDE5 /* base_019.mp3 in Resources */,
				BB0ACE5F1E67101500C4CDE5 /* base_059.mp3 in Resources */,
				BB0ACE421E67101500C4CDE5 /* base_030.mp3 in Resources */,
				BB0ACE451E67101500C4CDE5 /* base_033.mp3 in Resources */,
				BBAF10441E5B37D100E22677 /* red_dot.png in Resources */,
				BB0ACE461E67101500C4CDE5 /* base_034.mp3 in Resources */,
				BB0ACE581E67101500C4CDE5 /* base_052.mp3 in Resources */,
				BB0ACE531E67101500C4CDE5 /* base_047.mp3 in Resources */,
				BB7A0D4D1E580B5800892AAB /* sleep_tom.wav in Resources */,
				BB0ACE321E67101500C4CDE5 /* base_014.mp3 in Resources */,
				BB0ACE611E67101500C4CDE5 /* base_061.mp3 in Resources */,
				BB9EB4F71E42C2F000911C8F /* direct.png in Resources */,
				BB0ACE4E1E67101500C4CDE5 /* base_042.mp3 in Resources */,
				BB0ACE341E67101500C4CDE5 /* base_016.mp3 in Resources */,
				BB0ACE3F1E67101500C4CDE5 /* base_027.mp3 in Resources */,
				BB0ACE541E67101500C4CDE5 /* base_048.mp3 in Resources */,
				BB0ACE671E672BB900C4CDE5 /* coco180.png in Resources */,
				BB9EB4891E3F2A5800911C8F /* Assets.xcassets in Resources */,
				BB0ACE4C1E67101500C4CDE5 /* base_040.mp3 in Resources */,
				BB9EB4C81E3F337700911C8F /* home_tab_focus.png in Resources */,
				BB0ACE3A1E67101500C4CDE5 /* base_022.mp3 in Resources */,
				BB9EB4D11E3F339400911C8F /* mine_tab.png in Resources */,
				BB0ACE3B1E67101500C4CDE5 /* base_023.mp3 in Resources */,
				BB9EB4D01E3F339400911C8F /* mine_tab_focus.png in Resources */,
				BB9EB4C91E3F337700911C8F /* home_tab.png in Resources */,
				BB6A20D71E48B19800CC810C /* message_tab_focus.png in Resources */,
				BB0ACE3E1E67101500C4CDE5 /* base_026.mp3 in Resources */,
				BB0ACE471E67101500C4CDE5 /* base_035.mp3 in Resources */,
				BB6A20D81E48B19800CC810C /* message_tab.png in Resources */,
				BB0ACE411E67101500C4CDE5 /* base_029.mp3 in Resources */,
				BB9EB4DF1E3F617500911C8F /* back_black.png in Resources */,
				BBB809CE1E627FFA00074C1B /* XY_xdf.mp3 in Resources */,
				BB0ACE491E67101500C4CDE5 /* base_037.mp3 in Resources */,
				BB0ACE561E67101500C4CDE5 /* base_050.mp3 in Resources */,
				BB0ACE2E1E67101500C4CDE5 /* base_010.mp3 in Resources */,
				BB0ACE591E67101500C4CDE5 /* base_053.mp3 in Resources */,
				BB0ACE5A1E67101500C4CDE5 /* base_054.mp3 in Resources */,
				BB7A0D431E573C9500892AAB /* more.png in Resources */,
				BB0ACE511E67101500C4CDE5 /* base_045.mp3 in Resources */,
				BB7A0D451E57DE4900892AAB /* from_icon.png in Resources */,
				BB0ACE351E67101500C4CDE5 /* base_017.mp3 in Resources */,
				BB0ACE2C1E67101500C4CDE5 /* base_008.mp3 in Resources */,
				BB0ACE5D1E67101500C4CDE5 /* base_057.mp3 in Resources */,
				BB0ACE571E67101500C4CDE5 /* base_051.mp3 in Resources */,
				BB6A20DC1E48B57600CC810C /* friend_tab.png in Resources */,
				BB0ACE2A1E67101500C4CDE5 /* base_006.mp3 in Resources */,
				BB0ACE291E67101500C4CDE5 /* base_005.mp3 in Resources */,
				BB0ACE381E67101500C4CDE5 /* base_020.mp3 in Resources */,
				BB0ACE401E67101500C4CDE5 /* base_028.mp3 in Resources */,
				BB9EB4CC1E3F338600911C8F /* discovery_tab_focus.png in Resources */,
				BB0ACE5B1E67101500C4CDE5 /* base_055.mp3 in Resources */,
				BB0ACE5C1E67101500C4CDE5 /* base_056.mp3 in Resources */,
				BB0ACE251E67101500C4CDE5 /* base_001.mp3 in Resources */,
				BB0ACE551E67101500C4CDE5 /* base_049.mp3 in Resources */,
				BB0ACE501E67101500C4CDE5 /* base_044.mp3 in Resources */,
				BB0ACE301E67101500C4CDE5 /* base_012.mp3 in Resources */,
				BB0ACE441E67101500C4CDE5 /* base_032.mp3 in Resources */,
				BB0ACE331E67101500C4CDE5 /* base_015.mp3 in Resources */,
				BB0ACE4B1E67101500C4CDE5 /* base_039.mp3 in Resources */,
				BB0ACE361E67101500C4CDE5 /* base_018.mp3 in Resources */,
				BB0ACE261E67101500C4CDE5 /* base_002.mp3 in Resources */,
				BB6A20DB1E48B57600CC810C /* friend_tab_focus.png in Resources */,
			);
			runOnlyForDeploymentPostprocessing = 0;
		};
		BB9EB4901E3F2A5800911C8F /* Resources */ = {
			isa = PBXResourcesBuildPhase;
			buildActionMask = 2147483647;
			files = (
			);
			runOnlyForDeploymentPostprocessing = 0;
		};
		BB9EB49B1E3F2A5800911C8F /* Resources */ = {
			isa = PBXResourcesBuildPhase;
			buildActionMask = 2147483647;
			files = (
			);
			runOnlyForDeploymentPostprocessing = 0;
		};
/* End PBXResourcesBuildPhase section */

/* Begin PBXShellScriptBuildPhase section */
		0BEED65B30F796C371B33515 /* [CP] Embed Pods Frameworks */ = {
			isa = PBXShellScriptBuildPhase;
			buildActionMask = 2147483647;
			files = (
			);
			inputPaths = (
			);
			name = "[CP] Embed Pods Frameworks";
			outputPaths = (
			);
			runOnlyForDeploymentPostprocessing = 0;
			shellPath = /bin/sh;
			shellScript = "\"${SRCROOT}/Pods/Target Support Files/Pods-forestman/Pods-forestman-frameworks.sh\"\n";
			showEnvVarsInLog = 0;
		};
		155015EFE51053109A6687DE /* [CP] Copy Pods Resources */ = {
			isa = PBXShellScriptBuildPhase;
			buildActionMask = 2147483647;
			files = (
			);
			inputPaths = (
			);
			name = "[CP] Copy Pods Resources";
			outputPaths = (
			);
			runOnlyForDeploymentPostprocessing = 0;
			shellPath = /bin/sh;
			shellScript = "\"${SRCROOT}/Pods/Target Support Files/Pods-forestman/Pods-forestman-resources.sh\"\n";
			showEnvVarsInLog = 0;
		};
		FA90BDFDD72FDB73FF3AE9C4 /* [CP] Check Pods Manifest.lock */ = {
			isa = PBXShellScriptBuildPhase;
			buildActionMask = 2147483647;
			files = (
			);
			inputPaths = (
			);
			name = "[CP] Check Pods Manifest.lock";
			outputPaths = (
			);
			runOnlyForDeploymentPostprocessing = 0;
			shellPath = /bin/sh;
			shellScript = "diff \"${PODS_ROOT}/../Podfile.lock\" \"${PODS_ROOT}/Manifest.lock\" > /dev/null\nif [ $? != 0 ] ; then\n    # print error to STDERR\n    echo \"error: The sandbox is not in sync with the Podfile.lock. Run 'pod install' or update your CocoaPods installation.\" >&2\n    exit 1\nfi\n";
			showEnvVarsInLog = 0;
		};
/* End PBXShellScriptBuildPhase section */

/* Begin PBXSourcesBuildPhase section */
		BB9EB46F1E3F2A5800911C8F /* Sources */ = {
			isa = PBXSourcesBuildPhase;
			buildActionMask = 2147483647;
			files = (
				BB168CB41E4B508100C48CCC /* FTMThirdLoginVC.m in Sources */,
				BB9EB47B1E3F2A5800911C8F /* AppDelegate.m in Sources */,
				BB8755B41E5206FC008B296D /* FTMNicknameVC.m in Sources */,
				BB9EB4E61E400A6200911C8F /* urlManager.m in Sources */,
				BB9EB4ED1E40A2D100911C8F /* FTMAddFriendViewController.m in Sources */,
				BB168CB81E4B513300C48CCC /* toastView.m in Sources */,
				BB9EB4B21E3F2C7200911C8F /* FTMRootViewController.m in Sources */,
				BB9EB4DD1E3F5F5C00911C8F /* FTMPersonViewController.m in Sources */,
				BBB809D21E63104200074C1B /* FTMAudioPlayManager.m in Sources */,
				BB9EB4EA1E400F4F00911C8F /* FTMSearchViewController.m in Sources */,
				BB75A7C61E6C11D400241B44 /* FTMSuggestFriendsVC.m in Sources */,
				BB9EB4BD1E3F2E7800911C8F /* FTMMessageViewController.m in Sources */,
				BB0ACE651E67113A00C4CDE5 /* FTMAudioSourceManager.m in Sources */,
				BB168CB11E4B506400C48CCC /* FTMMailLoginVC.m in Sources */,
				BBDB1C8E1E58821B00BCE96B /* FTMDeviceTokenManager.m in Sources */,
				BB168CA81E4B4E5200C48CCC /* FTMWelcomeViewController.m in Sources */,
				BB9EB4C41E3F319200911C8F /* colorManager.m in Sources */,
				BB9EB4E21E3F812C00911C8F /* FTMExtraMessageViewController.m in Sources */,
				BB9EB4BA1E3F2E5900911C8F /* FTMFriendsViewController.m in Sources */,
				BB9EB4F11E421D5400911C8F /* FTMMyOwnScrollView.m in Sources */,
				BBAF10481E5DEF6A00E22677 /* FTMShareManager.m in Sources */,
				BB9EB4D91E3F44D300911C8F /* FTMMessageCell.m in Sources */,
				BB168CA41E4B4B5E00C48CCC /* FTMUserDefault.m in Sources */,
				BB9EB4B71E3F2DB100911C8F /* FTMTabBarViewController.m in Sources */,
				BB9EB4D61E3F3A4300911C8F /* FTMFriendsCell.m in Sources */,
				BB9EB4C01E3F2EA400911C8F /* FTMMineViewController.m in Sources */,
				BB9EB4781E3F2A5800911C8F /* main.m in Sources */,
			);
			runOnlyForDeploymentPostprocessing = 0;
		};
		BB9EB48E1E3F2A5800911C8F /* Sources */ = {
			isa = PBXSourcesBuildPhase;
			buildActionMask = 2147483647;
			files = (
				BB9EB4971E3F2A5800911C8F /* forestmanTests.m in Sources */,
			);
			runOnlyForDeploymentPostprocessing = 0;
		};
		BB9EB4991E3F2A5800911C8F /* Sources */ = {
			isa = PBXSourcesBuildPhase;
			buildActionMask = 2147483647;
			files = (
				BB9EB4A21E3F2A5800911C8F /* forestmanUITests.m in Sources */,
			);
			runOnlyForDeploymentPostprocessing = 0;
		};
/* End PBXSourcesBuildPhase section */

/* Begin PBXTargetDependency section */
		BB9EB4941E3F2A5800911C8F /* PBXTargetDependency */ = {
			isa = PBXTargetDependency;
			target = BB9EB4721E3F2A5800911C8F /* forestman */;
			targetProxy = BB9EB4931E3F2A5800911C8F /* PBXContainerItemProxy */;
		};
		BB9EB49F1E3F2A5800911C8F /* PBXTargetDependency */ = {
			isa = PBXTargetDependency;
			target = BB9EB4721E3F2A5800911C8F /* forestman */;
			targetProxy = BB9EB49E1E3F2A5800911C8F /* PBXContainerItemProxy */;
		};
/* End PBXTargetDependency section */

/* Begin XCBuildConfiguration section */
		BB9EB4A41E3F2A5800911C8F /* Debug */ = {
			isa = XCBuildConfiguration;
			buildSettings = {
				ALWAYS_SEARCH_USER_PATHS = NO;
				CLANG_CXX_LANGUAGE_STANDARD = "gnu++0x";
				CLANG_CXX_LIBRARY = "libc++";
				CLANG_ENABLE_MODULES = YES;
				CLANG_ENABLE_OBJC_ARC = YES;
				CLANG_WARN_BOOL_CONVERSION = YES;
				CLANG_WARN_CONSTANT_CONVERSION = YES;
				CLANG_WARN_DIRECT_OBJC_ISA_USAGE = YES_ERROR;
				CLANG_WARN_EMPTY_BODY = YES;
				CLANG_WARN_ENUM_CONVERSION = YES;
				CLANG_WARN_INT_CONVERSION = YES;
				CLANG_WARN_OBJC_ROOT_CLASS = YES_ERROR;
				CLANG_WARN_UNREACHABLE_CODE = YES;
				CLANG_WARN__DUPLICATE_METHOD_MATCH = YES;
				"CODE_SIGN_IDENTITY[sdk=iphoneos*]" = "iPhone Developer";
				COPY_PHASE_STRIP = NO;
				DEBUG_INFORMATION_FORMAT = dwarf;
				ENABLE_STRICT_OBJC_MSGSEND = YES;
				ENABLE_TESTABILITY = YES;
				GCC_C_LANGUAGE_STANDARD = gnu99;
				GCC_DYNAMIC_NO_PIC = NO;
				GCC_NO_COMMON_BLOCKS = YES;
				GCC_OPTIMIZATION_LEVEL = 0;
				GCC_PREPROCESSOR_DEFINITIONS = (
					"DEBUG=1",
					"$(inherited)",
				);
				GCC_WARN_64_TO_32_BIT_CONVERSION = YES;
				GCC_WARN_ABOUT_RETURN_TYPE = YES_ERROR;
				GCC_WARN_UNDECLARED_SELECTOR = YES;
				GCC_WARN_UNINITIALIZED_AUTOS = YES_AGGRESSIVE;
				GCC_WARN_UNUSED_FUNCTION = YES;
				GCC_WARN_UNUSED_VARIABLE = YES;
				IPHONEOS_DEPLOYMENT_TARGET = 9.2;
				MTL_ENABLE_DEBUG_INFO = YES;
				ONLY_ACTIVE_ARCH = YES;
				SDKROOT = iphoneos;
			};
			name = Debug;
		};
		BB9EB4A51E3F2A5800911C8F /* Release */ = {
			isa = XCBuildConfiguration;
			buildSettings = {
				ALWAYS_SEARCH_USER_PATHS = NO;
				CLANG_CXX_LANGUAGE_STANDARD = "gnu++0x";
				CLANG_CXX_LIBRARY = "libc++";
				CLANG_ENABLE_MODULES = YES;
				CLANG_ENABLE_OBJC_ARC = YES;
				CLANG_WARN_BOOL_CONVERSION = YES;
				CLANG_WARN_CONSTANT_CONVERSION = YES;
				CLANG_WARN_DIRECT_OBJC_ISA_USAGE = YES_ERROR;
				CLANG_WARN_EMPTY_BODY = YES;
				CLANG_WARN_ENUM_CONVERSION = YES;
				CLANG_WARN_INT_CONVERSION = YES;
				CLANG_WARN_OBJC_ROOT_CLASS = YES_ERROR;
				CLANG_WARN_UNREACHABLE_CODE = YES;
				CLANG_WARN__DUPLICATE_METHOD_MATCH = YES;
				"CODE_SIGN_IDENTITY[sdk=iphoneos*]" = "iPhone Developer";
				COPY_PHASE_STRIP = NO;
				DEBUG_INFORMATION_FORMAT = "dwarf-with-dsym";
				ENABLE_NS_ASSERTIONS = NO;
				ENABLE_STRICT_OBJC_MSGSEND = YES;
				GCC_C_LANGUAGE_STANDARD = gnu99;
				GCC_NO_COMMON_BLOCKS = YES;
				GCC_WARN_64_TO_32_BIT_CONVERSION = YES;
				GCC_WARN_ABOUT_RETURN_TYPE = YES_ERROR;
				GCC_WARN_UNDECLARED_SELECTOR = YES;
				GCC_WARN_UNINITIALIZED_AUTOS = YES_AGGRESSIVE;
				GCC_WARN_UNUSED_FUNCTION = YES;
				GCC_WARN_UNUSED_VARIABLE = YES;
				IPHONEOS_DEPLOYMENT_TARGET = 9.2;
				MTL_ENABLE_DEBUG_INFO = NO;
				SDKROOT = iphoneos;
				VALIDATE_PRODUCT = YES;
			};
			name = Release;
		};
		BB9EB4A71E3F2A5800911C8F /* Debug */ = {
			isa = XCBuildConfiguration;
			baseConfigurationReference = D3DEC9B0AC1F65FFF8A6D251 /* Pods-forestman.debug.xcconfig */;
			buildSettings = {
				ASSETCATALOG_COMPILER_APPICON_NAME = AppIcon;
				ASSETCATALOG_COMPILER_LAUNCHIMAGE_NAME = LaunchImage;
				CODE_SIGN_ENTITLEMENTS = forestman/forestman.entitlements;
				CODE_SIGN_IDENTITY = "iPhone Developer";
				DEVELOPMENT_TEAM = 3HCQXUYMF8;
				INFOPLIST_FILE = forestman/Info.plist;
				IPHONEOS_DEPLOYMENT_TARGET = 8.0;
				LD_RUNPATH_SEARCH_PATHS = "$(inherited) @executable_path/Frameworks";
				PRODUCT_BUNDLE_IDENTIFIER = Alfred.com.forestman;
				PRODUCT_NAME = "$(TARGET_NAME)";
				TARGETED_DEVICE_FAMILY = 1;
			};
			name = Debug;
		};
		BB9EB4A81E3F2A5800911C8F /* Release */ = {
			isa = XCBuildConfiguration;
			baseConfigurationReference = DAF987D9F56972FCB6062542 /* Pods-forestman.release.xcconfig */;
			buildSettings = {
				ASSETCATALOG_COMPILER_APPICON_NAME = AppIcon;
				ASSETCATALOG_COMPILER_LAUNCHIMAGE_NAME = LaunchImage;
				CODE_SIGN_ENTITLEMENTS = forestman/forestman.entitlements;
				CODE_SIGN_IDENTITY = "iPhone Developer";
				DEVELOPMENT_TEAM = 3HCQXUYMF8;
				INFOPLIST_FILE = forestman/Info.plist;
				IPHONEOS_DEPLOYMENT_TARGET = 8.0;
				LD_RUNPATH_SEARCH_PATHS = "$(inherited) @executable_path/Frameworks";
				PRODUCT_BUNDLE_IDENTIFIER = Alfred.com.forestman;
				PRODUCT_NAME = "$(TARGET_NAME)";
				TARGETED_DEVICE_FAMILY = 1;
			};
			name = Release;
		};
		BB9EB4AA1E3F2A5800911C8F /* Debug */ = {
			isa = XCBuildConfiguration;
			buildSettings = {
				BUNDLE_LOADER = "$(TEST_HOST)";
				INFOPLIST_FILE = forestmanTests/Info.plist;
				LD_RUNPATH_SEARCH_PATHS = "$(inherited) @executable_path/Frameworks @loader_path/Frameworks";
				PRODUCT_BUNDLE_IDENTIFIER = Alfred.com.forestmanTests;
				PRODUCT_NAME = "$(TARGET_NAME)";
				TEST_HOST = "$(BUILT_PRODUCTS_DIR)/forestman.app/forestman";
			};
			name = Debug;
		};
		BB9EB4AB1E3F2A5800911C8F /* Release */ = {
			isa = XCBuildConfiguration;
			buildSettings = {
				BUNDLE_LOADER = "$(TEST_HOST)";
				INFOPLIST_FILE = forestmanTests/Info.plist;
				LD_RUNPATH_SEARCH_PATHS = "$(inherited) @executable_path/Frameworks @loader_path/Frameworks";
				PRODUCT_BUNDLE_IDENTIFIER = Alfred.com.forestmanTests;
				PRODUCT_NAME = "$(TARGET_NAME)";
				TEST_HOST = "$(BUILT_PRODUCTS_DIR)/forestman.app/forestman";
			};
			name = Release;
		};
		BB9EB4AD1E3F2A5800911C8F /* Debug */ = {
			isa = XCBuildConfiguration;
			buildSettings = {
				INFOPLIST_FILE = forestmanUITests/Info.plist;
				LD_RUNPATH_SEARCH_PATHS = "$(inherited) @executable_path/Frameworks @loader_path/Frameworks";
				PRODUCT_BUNDLE_IDENTIFIER = Alfred.com.forestmanUITests;
				PRODUCT_NAME = "$(TARGET_NAME)";
				TEST_TARGET_NAME = forestman;
				USES_XCTRUNNER = YES;
			};
			name = Debug;
		};
		BB9EB4AE1E3F2A5800911C8F /* Release */ = {
			isa = XCBuildConfiguration;
			buildSettings = {
				INFOPLIST_FILE = forestmanUITests/Info.plist;
				LD_RUNPATH_SEARCH_PATHS = "$(inherited) @executable_path/Frameworks @loader_path/Frameworks";
				PRODUCT_BUNDLE_IDENTIFIER = Alfred.com.forestmanUITests;
				PRODUCT_NAME = "$(TARGET_NAME)";
				TEST_TARGET_NAME = forestman;
				USES_XCTRUNNER = YES;
			};
			name = Release;
		};
/* End XCBuildConfiguration section */

/* Begin XCConfigurationList section */
		BB9EB46E1E3F2A5800911C8F /* Build configuration list for PBXProject "forestman" */ = {
			isa = XCConfigurationList;
			buildConfigurations = (
				BB9EB4A41E3F2A5800911C8F /* Debug */,
				BB9EB4A51E3F2A5800911C8F /* Release */,
			);
			defaultConfigurationIsVisible = 0;
			defaultConfigurationName = Release;
		};
		BB9EB4A61E3F2A5800911C8F /* Build configuration list for PBXNativeTarget "forestman" */ = {
			isa = XCConfigurationList;
			buildConfigurations = (
				BB9EB4A71E3F2A5800911C8F /* Debug */,
				BB9EB4A81E3F2A5800911C8F /* Release */,
			);
			defaultConfigurationIsVisible = 0;
			defaultConfigurationName = Release;
		};
		BB9EB4A91E3F2A5800911C8F /* Build configuration list for PBXNativeTarget "forestmanTests" */ = {
			isa = XCConfigurationList;
			buildConfigurations = (
				BB9EB4AA1E3F2A5800911C8F /* Debug */,
				BB9EB4AB1E3F2A5800911C8F /* Release */,
			);
			defaultConfigurationIsVisible = 0;
			defaultConfigurationName = Release;
		};
		BB9EB4AC1E3F2A5800911C8F /* Build configuration list for PBXNativeTarget "forestmanUITests" */ = {
			isa = XCConfigurationList;
			buildConfigurations = (
				BB9EB4AD1E3F2A5800911C8F /* Debug */,
				BB9EB4AE1E3F2A5800911C8F /* Release */,
			);
			defaultConfigurationIsVisible = 0;
			defaultConfigurationName = Release;
		};
/* End XCConfigurationList section */
	};
	rootObject = BB9EB46B1E3F2A5800911C8F /* Project object */;
}
